
Microsoft Visual Studio Solution File, Format Version 12.00
# Visual Studio 14
VisualStudioVersion = 14.0.24720.0
MinimumVisualStudioVersion = 10.0.40219.1
Project("{FAE04EC0-301F-11D3-BF4B-00C04F79EFBC}") = "Journal.Droid", "Journal\Journal.Droid\Journal.Droid.csproj", "{4863004D-303D-458E-8AA8-3E89BCB7724E}"
EndProject
Project("{FAE04EC0-301F-11D3-BF4B-00C04F79EFBC}") = "Journal.iOS", "Journal\Journal.iOS\Journal.iOS.csproj", "{2EA8E5C9-A429-4F08-BF64-A079740DA45F}"
EndProject
Project("{FAE04EC0-301F-11D3-BF4B-00C04F79EFBC}") = "Journal.WinPhone", "Journal\Journal.WinPhone\Journal.WinPhone.csproj", "{7C4D45D1-A1B3-4F82-AD90-F217CBB26809}"
EndProject
Project("{FAE04EC0-301F-11D3-BF4B-00C04F79EFBC}") = "Journal.UWP", "Journal\Journal.UWP\Journal.UWP.csproj", "{3FBD0073-A2A2-43AA-AD55-BDDB4665C685}"
EndProject
Project("{FAE04EC0-301F-11D3-BF4B-00C04F79EFBC}") = "Journal.Windows", "Journal\Journal.Windows\Journal.Windows.csproj", "{B052BCB4-9D20-4544-BE3E-DABA449ABBDC}"
EndProject
Project("{FAE04EC0-301F-11D3-BF4B-00C04F79EFBC}") = "Journal", "Journal\Journal\Journal.csproj", "{4C3C184A-54A8-4673-B351-1324C5C520D8}"
EndProject
Project("{2150E333-8FDC-42A3-9474-1A3956D46DE8}") = "Services", "Services", "{E7E2DAD2-67DA-45EC-B263-9FBE18AFE814}"
EndProject
Project("{FAE04EC0-301F-11D3-BF4B-00C04F79EFBC}") = "Services.Droid", "Services\Services.Droid\Services.Droid.csproj", "{C56C1739-4B96-4ED3-93F0-F4F28EF89ADF}"
EndProject
Project("{FAE04EC0-301F-11D3-BF4B-00C04F79EFBC}") = "Services.iOS", "Services\Services.iOS\Services.iOS.csproj", "{3B32FB45-F1DA-44AB-8F6E-4A715A0ADD90}"
EndProject
Project("{FAE04EC0-301F-11D3-BF4B-00C04F79EFBC}") = "Services.WinPhone", "Services\Services.WinPhone\Services.WinPhone.csproj", "{B9DB13DC-EC05-4AD4-8F51-C0737D251755}"
EndProject
Project("{FAE04EC0-301F-11D3-BF4B-00C04F79EFBC}") = "JournalServices", "Services\Services\JournalServices.csproj", "{46EE6A33-3BE6-48A7-918D-90C8E333C135}"
EndProject
Global
	GlobalSection(SolutionConfigurationPlatforms) = preSolution
		Ad-Hoc|Any CPU = Ad-Hoc|Any CPU
		Ad-Hoc|ARM = Ad-Hoc|ARM
		Ad-Hoc|iPhone = Ad-Hoc|iPhone
		Ad-Hoc|iPhoneSimulator = Ad-Hoc|iPhoneSimulator
		Ad-Hoc|x64 = Ad-Hoc|x64
		Ad-Hoc|x86 = Ad-Hoc|x86
		AppStore|Any CPU = AppStore|Any CPU
		AppStore|ARM = AppStore|ARM
		AppStore|iPhone = AppStore|iPhone
		AppStore|iPhoneSimulator = AppStore|iPhoneSimulator
		AppStore|x64 = AppStore|x64
		AppStore|x86 = AppStore|x86
		Debug|Any CPU = Debug|Any CPU
		Debug|ARM = Debug|ARM
		Debug|iPhone = Debug|iPhone
		Debug|iPhoneSimulator = Debug|iPhoneSimulator
		Debug|x64 = Debug|x64
		Debug|x86 = Debug|x86
		Release|Any CPU = Release|Any CPU
		Release|ARM = Release|ARM
		Release|iPhone = Release|iPhone
		Release|iPhoneSimulator = Release|iPhoneSimulator
		Release|x64 = Release|x64
		Release|x86 = Release|x86
	EndGlobalSection
	GlobalSection(ProjectConfigurationPlatforms) = postSolution
		{4863004D-303D-458E-8AA8-3E89BCB7724E}.Ad-Hoc|Any CPU.ActiveCfg = Release|Any CPU
		{4863004D-303D-458E-8AA8-3E89BCB7724E}.Ad-Hoc|Any CPU.Build.0 = Release|Any CPU
		{4863004D-303D-458E-8AA8-3E89BCB7724E}.Ad-Hoc|Any CPU.Deploy.0 = Release|Any CPU
		{4863004D-303D-458E-8AA8-3E89BCB7724E}.Ad-Hoc|ARM.ActiveCfg = Release|Any CPU
		{4863004D-303D-458E-8AA8-3E89BCB7724E}.Ad-Hoc|ARM.Build.0 = Release|Any CPU
		{4863004D-303D-458E-8AA8-3E89BCB7724E}.Ad-Hoc|ARM.Deploy.0 = Release|Any CPU
		{4863004D-303D-458E-8AA8-3E89BCB7724E}.Ad-Hoc|iPhone.ActiveCfg = Release|Any CPU
		{4863004D-303D-458E-8AA8-3E89BCB7724E}.Ad-Hoc|iPhone.Build.0 = Release|Any CPU
		{4863004D-303D-458E-8AA8-3E89BCB7724E}.Ad-Hoc|iPhone.Deploy.0 = Release|Any CPU
		{4863004D-303D-458E-8AA8-3E89BCB7724E}.Ad-Hoc|iPhoneSimulator.ActiveCfg = Release|Any CPU
		{4863004D-303D-458E-8AA8-3E89BCB7724E}.Ad-Hoc|iPhoneSimulator.Build.0 = Release|Any CPU
		{4863004D-303D-458E-8AA8-3E89BCB7724E}.Ad-Hoc|iPhoneSimulator.Deploy.0 = Release|Any CPU
		{4863004D-303D-458E-8AA8-3E89BCB7724E}.Ad-Hoc|x64.ActiveCfg = Release|Any CPU
		{4863004D-303D-458E-8AA8-3E89BCB7724E}.Ad-Hoc|x64.Build.0 = Release|Any CPU
		{4863004D-303D-458E-8AA8-3E89BCB7724E}.Ad-Hoc|x64.Deploy.0 = Release|Any CPU
		{4863004D-303D-458E-8AA8-3E89BCB7724E}.Ad-Hoc|x86.ActiveCfg = Release|Any CPU
		{4863004D-303D-458E-8AA8-3E89BCB7724E}.Ad-Hoc|x86.Build.0 = Release|Any CPU
		{4863004D-303D-458E-8AA8-3E89BCB7724E}.Ad-Hoc|x86.Deploy.0 = Release|Any CPU
		{4863004D-303D-458E-8AA8-3E89BCB7724E}.AppStore|Any CPU.ActiveCfg = Release|Any CPU
		{4863004D-303D-458E-8AA8-3E89BCB7724E}.AppStore|Any CPU.Build.0 = Release|Any CPU
		{4863004D-303D-458E-8AA8-3E89BCB7724E}.AppStore|Any CPU.Deploy.0 = Release|Any CPU
		{4863004D-303D-458E-8AA8-3E89BCB7724E}.AppStore|ARM.ActiveCfg = Release|Any CPU
		{4863004D-303D-458E-8AA8-3E89BCB7724E}.AppStore|ARM.Build.0 = Release|Any CPU
		{4863004D-303D-458E-8AA8-3E89BCB7724E}.AppStore|ARM.Deploy.0 = Release|Any CPU
		{4863004D-303D-458E-8AA8-3E89BCB7724E}.AppStore|iPhone.ActiveCfg = Release|Any CPU
		{4863004D-303D-458E-8AA8-3E89BCB7724E}.AppStore|iPhone.Build.0 = Release|Any CPU
		{4863004D-303D-458E-8AA8-3E89BCB7724E}.AppStore|iPhone.Deploy.0 = Release|Any CPU
		{4863004D-303D-458E-8AA8-3E89BCB7724E}.AppStore|iPhoneSimulator.ActiveCfg = Release|Any CPU
		{4863004D-303D-458E-8AA8-3E89BCB7724E}.AppStore|iPhoneSimulator.Build.0 = Release|Any CPU
		{4863004D-303D-458E-8AA8-3E89BCB7724E}.AppStore|iPhoneSimulator.Deploy.0 = Release|Any CPU
		{4863004D-303D-458E-8AA8-3E89BCB7724E}.AppStore|x64.ActiveCfg = Release|Any CPU
		{4863004D-303D-458E-8AA8-3E89BCB7724E}.AppStore|x64.Build.0 = Release|Any CPU
		{4863004D-303D-458E-8AA8-3E89BCB7724E}.AppStore|x64.Deploy.0 = Release|Any CPU
		{4863004D-303D-458E-8AA8-3E89BCB7724E}.AppStore|x86.ActiveCfg = Release|Any CPU
		{4863004D-303D-458E-8AA8-3E89BCB7724E}.AppStore|x86.Build.0 = Release|Any CPU
		{4863004D-303D-458E-8AA8-3E89BCB7724E}.AppStore|x86.Deploy.0 = Release|Any CPU
		{4863004D-303D-458E-8AA8-3E89BCB7724E}.Debug|Any CPU.ActiveCfg = Debug|Any CPU
		{4863004D-303D-458E-8AA8-3E89BCB7724E}.Debug|Any CPU.Build.0 = Debug|Any CPU
		{4863004D-303D-458E-8AA8-3E89BCB7724E}.Debug|Any CPU.Deploy.0 = Debug|Any CPU
		{4863004D-303D-458E-8AA8-3E89BCB7724E}.Debug|ARM.ActiveCfg = Debug|Any CPU
		{4863004D-303D-458E-8AA8-3E89BCB7724E}.Debug|ARM.Build.0 = Debug|Any CPU
		{4863004D-303D-458E-8AA8-3E89BCB7724E}.Debug|ARM.Deploy.0 = Debug|Any CPU
		{4863004D-303D-458E-8AA8-3E89BCB7724E}.Debug|iPhone.ActiveCfg = Debug|Any CPU
		{4863004D-303D-458E-8AA8-3E89BCB7724E}.Debug|iPhone.Build.0 = Debug|Any CPU
		{4863004D-303D-458E-8AA8-3E89BCB7724E}.Debug|iPhone.Deploy.0 = Debug|Any CPU
		{4863004D-303D-458E-8AA8-3E89BCB7724E}.Debug|iPhoneSimulator.ActiveCfg = Debug|Any CPU
		{4863004D-303D-458E-8AA8-3E89BCB7724E}.Debug|iPhoneSimulator.Build.0 = Debug|Any CPU
		{4863004D-303D-458E-8AA8-3E89BCB7724E}.Debug|iPhoneSimulator.Deploy.0 = Debug|Any CPU
		{4863004D-303D-458E-8AA8-3E89BCB7724E}.Debug|x64.ActiveCfg = Debug|Any CPU
		{4863004D-303D-458E-8AA8-3E89BCB7724E}.Debug|x64.Build.0 = Debug|Any CPU
		{4863004D-303D-458E-8AA8-3E89BCB7724E}.Debug|x64.Deploy.0 = Debug|Any CPU
		{4863004D-303D-458E-8AA8-3E89BCB7724E}.Debug|x86.ActiveCfg = Debug|Any CPU
		{4863004D-303D-458E-8AA8-3E89BCB7724E}.Debug|x86.Build.0 = Debug|Any CPU
		{4863004D-303D-458E-8AA8-3E89BCB7724E}.Debug|x86.Deploy.0 = Debug|Any CPU
		{4863004D-303D-458E-8AA8-3E89BCB7724E}.Release|Any CPU.ActiveCfg = Release|Any CPU
		{4863004D-303D-458E-8AA8-3E89BCB7724E}.Release|Any CPU.Build.0 = Release|Any CPU
		{4863004D-303D-458E-8AA8-3E89BCB7724E}.Release|Any CPU.Deploy.0 = Release|Any CPU
		{4863004D-303D-458E-8AA8-3E89BCB7724E}.Release|ARM.ActiveCfg = Release|Any CPU
		{4863004D-303D-458E-8AA8-3E89BCB7724E}.Release|ARM.Build.0 = Release|Any CPU
		{4863004D-303D-458E-8AA8-3E89BCB7724E}.Release|ARM.Deploy.0 = Release|Any CPU
		{4863004D-303D-458E-8AA8-3E89BCB7724E}.Release|iPhone.ActiveCfg = Release|Any CPU
		{4863004D-303D-458E-8AA8-3E89BCB7724E}.Release|iPhone.Build.0 = Release|Any CPU
		{4863004D-303D-458E-8AA8-3E89BCB7724E}.Release|iPhone.Deploy.0 = Release|Any CPU
		{4863004D-303D-458E-8AA8-3E89BCB7724E}.Release|iPhoneSimulator.ActiveCfg = Release|Any CPU
		{4863004D-303D-458E-8AA8-3E89BCB7724E}.Release|iPhoneSimulator.Build.0 = Release|Any CPU
		{4863004D-303D-458E-8AA8-3E89BCB7724E}.Release|iPhoneSimulator.Deploy.0 = Release|Any CPU
		{4863004D-303D-458E-8AA8-3E89BCB7724E}.Release|x64.ActiveCfg = Release|Any CPU
		{4863004D-303D-458E-8AA8-3E89BCB7724E}.Release|x64.Build.0 = Release|Any CPU
		{4863004D-303D-458E-8AA8-3E89BCB7724E}.Release|x64.Deploy.0 = Release|Any CPU
		{4863004D-303D-458E-8AA8-3E89BCB7724E}.Release|x86.ActiveCfg = Release|Any CPU
		{4863004D-303D-458E-8AA8-3E89BCB7724E}.Release|x86.Build.0 = Release|Any CPU
		{4863004D-303D-458E-8AA8-3E89BCB7724E}.Release|x86.Deploy.0 = Release|Any CPU
		{2EA8E5C9-A429-4F08-BF64-A079740DA45F}.Ad-Hoc|Any CPU.ActiveCfg = Ad-Hoc|iPhone
		{2EA8E5C9-A429-4F08-BF64-A079740DA45F}.Ad-Hoc|ARM.ActiveCfg = Ad-Hoc|iPhone
		{2EA8E5C9-A429-4F08-BF64-A079740DA45F}.Ad-Hoc|iPhone.ActiveCfg = Ad-Hoc|iPhone
		{2EA8E5C9-A429-4F08-BF64-A079740DA45F}.Ad-Hoc|iPhone.Build.0 = Ad-Hoc|iPhone
		{2EA8E5C9-A429-4F08-BF64-A079740DA45F}.Ad-Hoc|iPhoneSimulator.ActiveCfg = Ad-Hoc|iPhoneSimulator
		{2EA8E5C9-A429-4F08-BF64-A079740DA45F}.Ad-Hoc|iPhoneSimulator.Build.0 = Ad-Hoc|iPhoneSimulator
		{2EA8E5C9-A429-4F08-BF64-A079740DA45F}.Ad-Hoc|x64.ActiveCfg = Ad-Hoc|iPhone
		{2EA8E5C9-A429-4F08-BF64-A079740DA45F}.Ad-Hoc|x86.ActiveCfg = Ad-Hoc|iPhone
		{2EA8E5C9-A429-4F08-BF64-A079740DA45F}.AppStore|Any CPU.ActiveCfg = AppStore|iPhone
		{2EA8E5C9-A429-4F08-BF64-A079740DA45F}.AppStore|ARM.ActiveCfg = AppStore|iPhone
		{2EA8E5C9-A429-4F08-BF64-A079740DA45F}.AppStore|iPhone.ActiveCfg = AppStore|iPhone
		{2EA8E5C9-A429-4F08-BF64-A079740DA45F}.AppStore|iPhone.Build.0 = AppStore|iPhone
		{2EA8E5C9-A429-4F08-BF64-A079740DA45F}.AppStore|iPhoneSimulator.ActiveCfg = AppStore|iPhoneSimulator
		{2EA8E5C9-A429-4F08-BF64-A079740DA45F}.AppStore|iPhoneSimulator.Build.0 = AppStore|iPhoneSimulator
		{2EA8E5C9-A429-4F08-BF64-A079740DA45F}.AppStore|x64.ActiveCfg = AppStore|iPhone
		{2EA8E5C9-A429-4F08-BF64-A079740DA45F}.AppStore|x86.ActiveCfg = AppStore|iPhone
		{2EA8E5C9-A429-4F08-BF64-A079740DA45F}.Debug|Any CPU.ActiveCfg = Debug|iPhone
		{2EA8E5C9-A429-4F08-BF64-A079740DA45F}.Debug|ARM.ActiveCfg = Debug|iPhone
		{2EA8E5C9-A429-4F08-BF64-A079740DA45F}.Debug|iPhone.ActiveCfg = Debug|iPhone
		{2EA8E5C9-A429-4F08-BF64-A079740DA45F}.Debug|iPhone.Build.0 = Debug|iPhone
		{2EA8E5C9-A429-4F08-BF64-A079740DA45F}.Debug|iPhoneSimulator.ActiveCfg = Debug|iPhoneSimulator
		{2EA8E5C9-A429-4F08-BF64-A079740DA45F}.Debug|iPhoneSimulator.Build.0 = Debug|iPhoneSimulator
		{2EA8E5C9-A429-4F08-BF64-A079740DA45F}.Debug|x64.ActiveCfg = Debug|iPhone
		{2EA8E5C9-A429-4F08-BF64-A079740DA45F}.Debug|x86.ActiveCfg = Debug|iPhone
		{2EA8E5C9-A429-4F08-BF64-A079740DA45F}.Release|Any CPU.ActiveCfg = Release|iPhone
		{2EA8E5C9-A429-4F08-BF64-A079740DA45F}.Release|ARM.ActiveCfg = Release|iPhone
		{2EA8E5C9-A429-4F08-BF64-A079740DA45F}.Release|iPhone.ActiveCfg = Release|iPhone
		{2EA8E5C9-A429-4F08-BF64-A079740DA45F}.Release|iPhone.Build.0 = Release|iPhone
		{2EA8E5C9-A429-4F08-BF64-A079740DA45F}.Release|iPhoneSimulator.ActiveCfg = Release|iPhoneSimulator
		{2EA8E5C9-A429-4F08-BF64-A079740DA45F}.Release|iPhoneSimulator.Build.0 = Release|iPhoneSimulator
		{2EA8E5C9-A429-4F08-BF64-A079740DA45F}.Release|x64.ActiveCfg = Release|iPhone
		{2EA8E5C9-A429-4F08-BF64-A079740DA45F}.Release|x86.ActiveCfg = Release|iPhone
		{7C4D45D1-A1B3-4F82-AD90-F217CBB26809}.Ad-Hoc|Any CPU.ActiveCfg = Release|Any CPU
		{7C4D45D1-A1B3-4F82-AD90-F217CBB26809}.Ad-Hoc|Any CPU.Build.0 = Release|Any CPU
		{7C4D45D1-A1B3-4F82-AD90-F217CBB26809}.Ad-Hoc|Any CPU.Deploy.0 = Release|Any CPU
		{7C4D45D1-A1B3-4F82-AD90-F217CBB26809}.Ad-Hoc|ARM.ActiveCfg = Release|ARM
		{7C4D45D1-A1B3-4F82-AD90-F217CBB26809}.Ad-Hoc|ARM.Build.0 = Release|ARM
		{7C4D45D1-A1B3-4F82-AD90-F217CBB26809}.Ad-Hoc|ARM.Deploy.0 = Release|ARM
		{7C4D45D1-A1B3-4F82-AD90-F217CBB26809}.Ad-Hoc|iPhone.ActiveCfg = Release|Any CPU
		{7C4D45D1-A1B3-4F82-AD90-F217CBB26809}.Ad-Hoc|iPhone.Build.0 = Release|Any CPU
		{7C4D45D1-A1B3-4F82-AD90-F217CBB26809}.Ad-Hoc|iPhone.Deploy.0 = Release|Any CPU
		{7C4D45D1-A1B3-4F82-AD90-F217CBB26809}.Ad-Hoc|iPhoneSimulator.ActiveCfg = Release|Any CPU
		{7C4D45D1-A1B3-4F82-AD90-F217CBB26809}.Ad-Hoc|iPhoneSimulator.Build.0 = Release|Any CPU
		{7C4D45D1-A1B3-4F82-AD90-F217CBB26809}.Ad-Hoc|iPhoneSimulator.Deploy.0 = Release|Any CPU
		{7C4D45D1-A1B3-4F82-AD90-F217CBB26809}.Ad-Hoc|x64.ActiveCfg = Release|Any CPU
		{7C4D45D1-A1B3-4F82-AD90-F217CBB26809}.Ad-Hoc|x64.Build.0 = Release|Any CPU
		{7C4D45D1-A1B3-4F82-AD90-F217CBB26809}.Ad-Hoc|x64.Deploy.0 = Release|Any CPU
		{7C4D45D1-A1B3-4F82-AD90-F217CBB26809}.Ad-Hoc|x86.ActiveCfg = Release|x86
		{7C4D45D1-A1B3-4F82-AD90-F217CBB26809}.Ad-Hoc|x86.Build.0 = Release|x86
		{7C4D45D1-A1B3-4F82-AD90-F217CBB26809}.Ad-Hoc|x86.Deploy.0 = Release|x86
		{7C4D45D1-A1B3-4F82-AD90-F217CBB26809}.AppStore|Any CPU.ActiveCfg = Release|Any CPU
		{7C4D45D1-A1B3-4F82-AD90-F217CBB26809}.AppStore|Any CPU.Build.0 = Release|Any CPU
		{7C4D45D1-A1B3-4F82-AD90-F217CBB26809}.AppStore|Any CPU.Deploy.0 = Release|Any CPU
		{7C4D45D1-A1B3-4F82-AD90-F217CBB26809}.AppStore|ARM.ActiveCfg = Release|ARM
		{7C4D45D1-A1B3-4F82-AD90-F217CBB26809}.AppStore|ARM.Build.0 = Release|ARM
		{7C4D45D1-A1B3-4F82-AD90-F217CBB26809}.AppStore|ARM.Deploy.0 = Release|ARM
		{7C4D45D1-A1B3-4F82-AD90-F217CBB26809}.AppStore|iPhone.ActiveCfg = Release|Any CPU
		{7C4D45D1-A1B3-4F82-AD90-F217CBB26809}.AppStore|iPhone.Build.0 = Release|Any CPU
		{7C4D45D1-A1B3-4F82-AD90-F217CBB26809}.AppStore|iPhone.Deploy.0 = Release|Any CPU
		{7C4D45D1-A1B3-4F82-AD90-F217CBB26809}.AppStore|iPhoneSimulator.ActiveCfg = Release|Any CPU
		{7C4D45D1-A1B3-4F82-AD90-F217CBB26809}.AppStore|iPhoneSimulator.Build.0 = Release|Any CPU
		{7C4D45D1-A1B3-4F82-AD90-F217CBB26809}.AppStore|iPhoneSimulator.Deploy.0 = Release|Any CPU
		{7C4D45D1-A1B3-4F82-AD90-F217CBB26809}.AppStore|x64.ActiveCfg = Release|Any CPU
		{7C4D45D1-A1B3-4F82-AD90-F217CBB26809}.AppStore|x64.Build.0 = Release|Any CPU
		{7C4D45D1-A1B3-4F82-AD90-F217CBB26809}.AppStore|x64.Deploy.0 = Release|Any CPU
		{7C4D45D1-A1B3-4F82-AD90-F217CBB26809}.AppStore|x86.ActiveCfg = Release|x86
		{7C4D45D1-A1B3-4F82-AD90-F217CBB26809}.AppStore|x86.Build.0 = Release|x86
		{7C4D45D1-A1B3-4F82-AD90-F217CBB26809}.AppStore|x86.Deploy.0 = Release|x86
		{7C4D45D1-A1B3-4F82-AD90-F217CBB26809}.Debug|Any CPU.ActiveCfg = Debug|Any CPU
		{7C4D45D1-A1B3-4F82-AD90-F217CBB26809}.Debug|Any CPU.Build.0 = Debug|Any CPU
		{7C4D45D1-A1B3-4F82-AD90-F217CBB26809}.Debug|Any CPU.Deploy.0 = Debug|Any CPU
		{7C4D45D1-A1B3-4F82-AD90-F217CBB26809}.Debug|ARM.ActiveCfg = Debug|ARM
		{7C4D45D1-A1B3-4F82-AD90-F217CBB26809}.Debug|ARM.Build.0 = Debug|ARM
		{7C4D45D1-A1B3-4F82-AD90-F217CBB26809}.Debug|ARM.Deploy.0 = Debug|ARM
		{7C4D45D1-A1B3-4F82-AD90-F217CBB26809}.Debug|iPhone.ActiveCfg = Debug|Any CPU
		{7C4D45D1-A1B3-4F82-AD90-F217CBB26809}.Debug|iPhone.Build.0 = Debug|Any CPU
		{7C4D45D1-A1B3-4F82-AD90-F217CBB26809}.Debug|iPhone.Deploy.0 = Debug|Any CPU
		{7C4D45D1-A1B3-4F82-AD90-F217CBB26809}.Debug|iPhoneSimulator.ActiveCfg = Debug|Any CPU
		{7C4D45D1-A1B3-4F82-AD90-F217CBB26809}.Debug|iPhoneSimulator.Build.0 = Debug|Any CPU
		{7C4D45D1-A1B3-4F82-AD90-F217CBB26809}.Debug|iPhoneSimulator.Deploy.0 = Debug|Any CPU
		{7C4D45D1-A1B3-4F82-AD90-F217CBB26809}.Debug|x64.ActiveCfg = Debug|Any CPU
		{7C4D45D1-A1B3-4F82-AD90-F217CBB26809}.Debug|x64.Build.0 = Debug|Any CPU
		{7C4D45D1-A1B3-4F82-AD90-F217CBB26809}.Debug|x64.Deploy.0 = Debug|Any CPU
		{7C4D45D1-A1B3-4F82-AD90-F217CBB26809}.Debug|x86.ActiveCfg = Debug|x86
		{7C4D45D1-A1B3-4F82-AD90-F217CBB26809}.Debug|x86.Build.0 = Debug|x86
		{7C4D45D1-A1B3-4F82-AD90-F217CBB26809}.Debug|x86.Deploy.0 = Debug|x86
		{7C4D45D1-A1B3-4F82-AD90-F217CBB26809}.Release|Any CPU.ActiveCfg = Release|Any CPU
		{7C4D45D1-A1B3-4F82-AD90-F217CBB26809}.Release|Any CPU.Build.0 = Release|Any CPU
		{7C4D45D1-A1B3-4F82-AD90-F217CBB26809}.Release|Any CPU.Deploy.0 = Release|Any CPU
		{7C4D45D1-A1B3-4F82-AD90-F217CBB26809}.Release|ARM.ActiveCfg = Release|ARM
		{7C4D45D1-A1B3-4F82-AD90-F217CBB26809}.Release|ARM.Build.0 = Release|ARM
		{7C4D45D1-A1B3-4F82-AD90-F217CBB26809}.Release|ARM.Deploy.0 = Release|ARM
		{7C4D45D1-A1B3-4F82-AD90-F217CBB26809}.Release|iPhone.ActiveCfg = Release|Any CPU
		{7C4D45D1-A1B3-4F82-AD90-F217CBB26809}.Release|iPhone.Build.0 = Release|Any CPU
		{7C4D45D1-A1B3-4F82-AD90-F217CBB26809}.Release|iPhone.Deploy.0 = Release|Any CPU
		{7C4D45D1-A1B3-4F82-AD90-F217CBB26809}.Release|iPhoneSimulator.ActiveCfg = Release|Any CPU
		{7C4D45D1-A1B3-4F82-AD90-F217CBB26809}.Release|iPhoneSimulator.Build.0 = Release|Any CPU
		{7C4D45D1-A1B3-4F82-AD90-F217CBB26809}.Release|iPhoneSimulator.Deploy.0 = Release|Any CPU
		{7C4D45D1-A1B3-4F82-AD90-F217CBB26809}.Release|x64.ActiveCfg = Release|Any CPU
		{7C4D45D1-A1B3-4F82-AD90-F217CBB26809}.Release|x64.Build.0 = Release|Any CPU
		{7C4D45D1-A1B3-4F82-AD90-F217CBB26809}.Release|x64.Deploy.0 = Release|Any CPU
		{7C4D45D1-A1B3-4F82-AD90-F217CBB26809}.Release|x86.ActiveCfg = Release|x86
		{7C4D45D1-A1B3-4F82-AD90-F217CBB26809}.Release|x86.Build.0 = Release|x86
		{7C4D45D1-A1B3-4F82-AD90-F217CBB26809}.Release|x86.Deploy.0 = Release|x86
		{3FBD0073-A2A2-43AA-AD55-BDDB4665C685}.Ad-Hoc|Any CPU.ActiveCfg = Release|x86
		{3FBD0073-A2A2-43AA-AD55-BDDB4665C685}.Ad-Hoc|Any CPU.Build.0 = Release|x86
		{3FBD0073-A2A2-43AA-AD55-BDDB4665C685}.Ad-Hoc|Any CPU.Deploy.0 = Release|x86
		{3FBD0073-A2A2-43AA-AD55-BDDB4665C685}.Ad-Hoc|ARM.ActiveCfg = Release|ARM
		{3FBD0073-A2A2-43AA-AD55-BDDB4665C685}.Ad-Hoc|ARM.Build.0 = Release|ARM
		{3FBD0073-A2A2-43AA-AD55-BDDB4665C685}.Ad-Hoc|ARM.Deploy.0 = Release|ARM
		{3FBD0073-A2A2-43AA-AD55-BDDB4665C685}.Ad-Hoc|iPhone.ActiveCfg = Release|x86
		{3FBD0073-A2A2-43AA-AD55-BDDB4665C685}.Ad-Hoc|iPhone.Build.0 = Release|x86
		{3FBD0073-A2A2-43AA-AD55-BDDB4665C685}.Ad-Hoc|iPhone.Deploy.0 = Release|x86
		{3FBD0073-A2A2-43AA-AD55-BDDB4665C685}.Ad-Hoc|iPhoneSimulator.ActiveCfg = Release|x86
		{3FBD0073-A2A2-43AA-AD55-BDDB4665C685}.Ad-Hoc|iPhoneSimulator.Build.0 = Release|x86
		{3FBD0073-A2A2-43AA-AD55-BDDB4665C685}.Ad-Hoc|iPhoneSimulator.Deploy.0 = Release|x86
		{3FBD0073-A2A2-43AA-AD55-BDDB4665C685}.Ad-Hoc|x64.ActiveCfg = Release|x64
		{3FBD0073-A2A2-43AA-AD55-BDDB4665C685}.Ad-Hoc|x64.Build.0 = Release|x64
		{3FBD0073-A2A2-43AA-AD55-BDDB4665C685}.Ad-Hoc|x64.Deploy.0 = Release|x64
		{3FBD0073-A2A2-43AA-AD55-BDDB4665C685}.Ad-Hoc|x86.ActiveCfg = Release|x86
		{3FBD0073-A2A2-43AA-AD55-BDDB4665C685}.Ad-Hoc|x86.Build.0 = Release|x86
		{3FBD0073-A2A2-43AA-AD55-BDDB4665C685}.Ad-Hoc|x86.Deploy.0 = Release|x86
		{3FBD0073-A2A2-43AA-AD55-BDDB4665C685}.AppStore|Any CPU.ActiveCfg = Release|x86
		{3FBD0073-A2A2-43AA-AD55-BDDB4665C685}.AppStore|Any CPU.Build.0 = Release|x86
		{3FBD0073-A2A2-43AA-AD55-BDDB4665C685}.AppStore|Any CPU.Deploy.0 = Release|x86
		{3FBD0073-A2A2-43AA-AD55-BDDB4665C685}.AppStore|ARM.ActiveCfg = Release|ARM
		{3FBD0073-A2A2-43AA-AD55-BDDB4665C685}.AppStore|ARM.Build.0 = Release|ARM
		{3FBD0073-A2A2-43AA-AD55-BDDB4665C685}.AppStore|ARM.Deploy.0 = Release|ARM
		{3FBD0073-A2A2-43AA-AD55-BDDB4665C685}.AppStore|iPhone.ActiveCfg = Release|x86
		{3FBD0073-A2A2-43AA-AD55-BDDB4665C685}.AppStore|iPhone.Build.0 = Release|x86
		{3FBD0073-A2A2-43AA-AD55-BDDB4665C685}.AppStore|iPhone.Deploy.0 = Release|x86
		{3FBD0073-A2A2-43AA-AD55-BDDB4665C685}.AppStore|iPhoneSimulator.ActiveCfg = Release|x86
		{3FBD0073-A2A2-43AA-AD55-BDDB4665C685}.AppStore|iPhoneSimulator.Build.0 = Release|x86
		{3FBD0073-A2A2-43AA-AD55-BDDB4665C685}.AppStore|iPhoneSimulator.Deploy.0 = Release|x86
		{3FBD0073-A2A2-43AA-AD55-BDDB4665C685}.AppStore|x64.ActiveCfg = Release|x64
		{3FBD0073-A2A2-43AA-AD55-BDDB4665C685}.AppStore|x64.Build.0 = Release|x64
		{3FBD0073-A2A2-43AA-AD55-BDDB4665C685}.AppStore|x64.Deploy.0 = Release|x64
		{3FBD0073-A2A2-43AA-AD55-BDDB4665C685}.AppStore|x86.ActiveCfg = Release|x86
		{3FBD0073-A2A2-43AA-AD55-BDDB4665C685}.AppStore|x86.Build.0 = Release|x86
		{3FBD0073-A2A2-43AA-AD55-BDDB4665C685}.AppStore|x86.Deploy.0 = Release|x86
		{3FBD0073-A2A2-43AA-AD55-BDDB4665C685}.Debug|Any CPU.ActiveCfg = Debug|x86
		{3FBD0073-A2A2-43AA-AD55-BDDB4665C685}.Debug|Any CPU.Build.0 = Debug|x86
		{3FBD0073-A2A2-43AA-AD55-BDDB4665C685}.Debug|Any CPU.Deploy.0 = Debug|x86
		{3FBD0073-A2A2-43AA-AD55-BDDB4665C685}.Debug|ARM.ActiveCfg = Debug|ARM
		{3FBD0073-A2A2-43AA-AD55-BDDB4665C685}.Debug|ARM.Build.0 = Debug|ARM
		{3FBD0073-A2A2-43AA-AD55-BDDB4665C685}.Debug|ARM.Deploy.0 = Debug|ARM
		{3FBD0073-A2A2-43AA-AD55-BDDB4665C685}.Debug|iPhone.ActiveCfg = Debug|x86
		{3FBD0073-A2A2-43AA-AD55-BDDB4665C685}.Debug|iPhoneSimulator.ActiveCfg = Debug|x86
		{3FBD0073-A2A2-43AA-AD55-BDDB4665C685}.Debug|x64.ActiveCfg = Debug|x64
		{3FBD0073-A2A2-43AA-AD55-BDDB4665C685}.Debug|x64.Build.0 = Debug|x64
		{3FBD0073-A2A2-43AA-AD55-BDDB4665C685}.Debug|x64.Deploy.0 = Debug|x64
		{3FBD0073-A2A2-43AA-AD55-BDDB4665C685}.Debug|x86.ActiveCfg = Debug|x86
		{3FBD0073-A2A2-43AA-AD55-BDDB4665C685}.Debug|x86.Build.0 = Debug|x86
		{3FBD0073-A2A2-43AA-AD55-BDDB4665C685}.Debug|x86.Deploy.0 = Debug|x86
		{3FBD0073-A2A2-43AA-AD55-BDDB4665C685}.Release|Any CPU.ActiveCfg = Release|x86
		{3FBD0073-A2A2-43AA-AD55-BDDB4665C685}.Release|ARM.ActiveCfg = Release|ARM
		{3FBD0073-A2A2-43AA-AD55-BDDB4665C685}.Release|ARM.Build.0 = Release|ARM
		{3FBD0073-A2A2-43AA-AD55-BDDB4665C685}.Release|ARM.Deploy.0 = Release|ARM
		{3FBD0073-A2A2-43AA-AD55-BDDB4665C685}.Release|iPhone.ActiveCfg = Release|x86
		{3FBD0073-A2A2-43AA-AD55-BDDB4665C685}.Release|iPhoneSimulator.ActiveCfg = Release|x86
		{3FBD0073-A2A2-43AA-AD55-BDDB4665C685}.Release|x64.ActiveCfg = Release|x64
		{3FBD0073-A2A2-43AA-AD55-BDDB4665C685}.Release|x64.Build.0 = Release|x64
		{3FBD0073-A2A2-43AA-AD55-BDDB4665C685}.Release|x64.Deploy.0 = Release|x64
		{3FBD0073-A2A2-43AA-AD55-BDDB4665C685}.Release|x86.ActiveCfg = Release|x86
		{3FBD0073-A2A2-43AA-AD55-BDDB4665C685}.Release|x86.Build.0 = Release|x86
		{3FBD0073-A2A2-43AA-AD55-BDDB4665C685}.Release|x86.Deploy.0 = Release|x86
		{B052BCB4-9D20-4544-BE3E-DABA449ABBDC}.Ad-Hoc|Any CPU.ActiveCfg = Release|Any CPU
		{B052BCB4-9D20-4544-BE3E-DABA449ABBDC}.Ad-Hoc|Any CPU.Build.0 = Release|Any CPU
		{B052BCB4-9D20-4544-BE3E-DABA449ABBDC}.Ad-Hoc|Any CPU.Deploy.0 = Release|Any CPU
		{B052BCB4-9D20-4544-BE3E-DABA449ABBDC}.Ad-Hoc|ARM.ActiveCfg = Release|ARM
		{B052BCB4-9D20-4544-BE3E-DABA449ABBDC}.Ad-Hoc|ARM.Build.0 = Release|ARM
		{B052BCB4-9D20-4544-BE3E-DABA449ABBDC}.Ad-Hoc|ARM.Deploy.0 = Release|ARM
		{B052BCB4-9D20-4544-BE3E-DABA449ABBDC}.Ad-Hoc|iPhone.ActiveCfg = Release|Any CPU
		{B052BCB4-9D20-4544-BE3E-DABA449ABBDC}.Ad-Hoc|iPhone.Build.0 = Release|Any CPU
		{B052BCB4-9D20-4544-BE3E-DABA449ABBDC}.Ad-Hoc|iPhone.Deploy.0 = Release|Any CPU
		{B052BCB4-9D20-4544-BE3E-DABA449ABBDC}.Ad-Hoc|iPhoneSimulator.ActiveCfg = Release|Any CPU
		{B052BCB4-9D20-4544-BE3E-DABA449ABBDC}.Ad-Hoc|iPhoneSimulator.Build.0 = Release|Any CPU
		{B052BCB4-9D20-4544-BE3E-DABA449ABBDC}.Ad-Hoc|iPhoneSimulator.Deploy.0 = Release|Any CPU
		{B052BCB4-9D20-4544-BE3E-DABA449ABBDC}.Ad-Hoc|x64.ActiveCfg = Release|x64
		{B052BCB4-9D20-4544-BE3E-DABA449ABBDC}.Ad-Hoc|x64.Build.0 = Release|x64
		{B052BCB4-9D20-4544-BE3E-DABA449ABBDC}.Ad-Hoc|x64.Deploy.0 = Release|x64
		{B052BCB4-9D20-4544-BE3E-DABA449ABBDC}.Ad-Hoc|x86.ActiveCfg = Release|x86
		{B052BCB4-9D20-4544-BE3E-DABA449ABBDC}.Ad-Hoc|x86.Build.0 = Release|x86
		{B052BCB4-9D20-4544-BE3E-DABA449ABBDC}.Ad-Hoc|x86.Deploy.0 = Release|x86
		{B052BCB4-9D20-4544-BE3E-DABA449ABBDC}.AppStore|Any CPU.ActiveCfg = Release|Any CPU
		{B052BCB4-9D20-4544-BE3E-DABA449ABBDC}.AppStore|Any CPU.Build.0 = Release|Any CPU
		{B052BCB4-9D20-4544-BE3E-DABA449ABBDC}.AppStore|Any CPU.Deploy.0 = Release|Any CPU
		{B052BCB4-9D20-4544-BE3E-DABA449ABBDC}.AppStore|ARM.ActiveCfg = Release|ARM
		{B052BCB4-9D20-4544-BE3E-DABA449ABBDC}.AppStore|ARM.Build.0 = Release|ARM
		{B052BCB4-9D20-4544-BE3E-DABA449ABBDC}.AppStore|ARM.Deploy.0 = Release|ARM
		{B052BCB4-9D20-4544-BE3E-DABA449ABBDC}.AppStore|iPhone.ActiveCfg = Release|Any CPU
		{B052BCB4-9D20-4544-BE3E-DABA449ABBDC}.AppStore|iPhone.Build.0 = Release|Any CPU
		{B052BCB4-9D20-4544-BE3E-DABA449ABBDC}.AppStore|iPhone.Deploy.0 = Release|Any CPU
		{B052BCB4-9D20-4544-BE3E-DABA449ABBDC}.AppStore|iPhoneSimulator.ActiveCfg = Release|Any CPU
		{B052BCB4-9D20-4544-BE3E-DABA449ABBDC}.AppStore|iPhoneSimulator.Build.0 = Release|Any CPU
		{B052BCB4-9D20-4544-BE3E-DABA449ABBDC}.AppStore|iPhoneSimulator.Deploy.0 = Release|Any CPU
		{B052BCB4-9D20-4544-BE3E-DABA449ABBDC}.AppStore|x64.ActiveCfg = Release|x64
		{B052BCB4-9D20-4544-BE3E-DABA449ABBDC}.AppStore|x64.Build.0 = Release|x64
		{B052BCB4-9D20-4544-BE3E-DABA449ABBDC}.AppStore|x64.Deploy.0 = Release|x64
		{B052BCB4-9D20-4544-BE3E-DABA449ABBDC}.AppStore|x86.ActiveCfg = Release|x86
		{B052BCB4-9D20-4544-BE3E-DABA449ABBDC}.AppStore|x86.Build.0 = Release|x86
		{B052BCB4-9D20-4544-BE3E-DABA449ABBDC}.AppStore|x86.Deploy.0 = Release|x86
		{B052BCB4-9D20-4544-BE3E-DABA449ABBDC}.Debug|Any CPU.ActiveCfg = Debug|Any CPU
		{B052BCB4-9D20-4544-BE3E-DABA449ABBDC}.Debug|Any CPU.Build.0 = Debug|Any CPU
		{B052BCB4-9D20-4544-BE3E-DABA449ABBDC}.Debug|Any CPU.Deploy.0 = Debug|Any CPU
		{B052BCB4-9D20-4544-BE3E-DABA449ABBDC}.Debug|ARM.ActiveCfg = Debug|ARM
		{B052BCB4-9D20-4544-BE3E-DABA449ABBDC}.Debug|ARM.Build.0 = Debug|ARM
		{B052BCB4-9D20-4544-BE3E-DABA449ABBDC}.Debug|ARM.Deploy.0 = Debug|ARM
		{B052BCB4-9D20-4544-BE3E-DABA449ABBDC}.Debug|iPhone.ActiveCfg = Debug|Any CPU
		{B052BCB4-9D20-4544-BE3E-DABA449ABBDC}.Debug|iPhone.Build.0 = Debug|Any CPU
		{B052BCB4-9D20-4544-BE3E-DABA449ABBDC}.Debug|iPhone.Deploy.0 = Debug|Any CPU
		{B052BCB4-9D20-4544-BE3E-DABA449ABBDC}.Debug|iPhoneSimulator.ActiveCfg = Debug|Any CPU
		{B052BCB4-9D20-4544-BE3E-DABA449ABBDC}.Debug|iPhoneSimulator.Build.0 = Debug|Any CPU
		{B052BCB4-9D20-4544-BE3E-DABA449ABBDC}.Debug|iPhoneSimulator.Deploy.0 = Debug|Any CPU
		{B052BCB4-9D20-4544-BE3E-DABA449ABBDC}.Debug|x64.ActiveCfg = Debug|x64
		{B052BCB4-9D20-4544-BE3E-DABA449ABBDC}.Debug|x64.Build.0 = Debug|x64
		{B052BCB4-9D20-4544-BE3E-DABA449ABBDC}.Debug|x64.Deploy.0 = Debug|x64
		{B052BCB4-9D20-4544-BE3E-DABA449ABBDC}.Debug|x86.ActiveCfg = Debug|x86
		{B052BCB4-9D20-4544-BE3E-DABA449ABBDC}.Debug|x86.Build.0 = Debug|x86
		{B052BCB4-9D20-4544-BE3E-DABA449ABBDC}.Debug|x86.Deploy.0 = Debug|x86
		{B052BCB4-9D20-4544-BE3E-DABA449ABBDC}.Release|Any CPU.ActiveCfg = Release|Any CPU
		{B052BCB4-9D20-4544-BE3E-DABA449ABBDC}.Release|Any CPU.Build.0 = Release|Any CPU
		{B052BCB4-9D20-4544-BE3E-DABA449ABBDC}.Release|Any CPU.Deploy.0 = Release|Any CPU
		{B052BCB4-9D20-4544-BE3E-DABA449ABBDC}.Release|ARM.ActiveCfg = Release|ARM
		{B052BCB4-9D20-4544-BE3E-DABA449ABBDC}.Release|ARM.Build.0 = Release|ARM
		{B052BCB4-9D20-4544-BE3E-DABA449ABBDC}.Release|ARM.Deploy.0 = Release|ARM
		{B052BCB4-9D20-4544-BE3E-DABA449ABBDC}.Release|iPhone.ActiveCfg = Release|Any CPU
		{B052BCB4-9D20-4544-BE3E-DABA449ABBDC}.Release|iPhone.Build.0 = Release|Any CPU
		{B052BCB4-9D20-4544-BE3E-DABA449ABBDC}.Release|iPhone.Deploy.0 = Release|Any CPU
		{B052BCB4-9D20-4544-BE3E-DABA449ABBDC}.Release|iPhoneSimulator.ActiveCfg = Release|Any CPU
		{B052BCB4-9D20-4544-BE3E-DABA449ABBDC}.Release|iPhoneSimulator.Build.0 = Release|Any CPU
		{B052BCB4-9D20-4544-BE3E-DABA449ABBDC}.Release|iPhoneSimulator.Deploy.0 = Release|Any CPU
		{B052BCB4-9D20-4544-BE3E-DABA449ABBDC}.Release|x64.ActiveCfg = Release|x64
		{B052BCB4-9D20-4544-BE3E-DABA449ABBDC}.Release|x64.Build.0 = Release|x64
		{B052BCB4-9D20-4544-BE3E-DABA449ABBDC}.Release|x64.Deploy.0 = Release|x64
		{B052BCB4-9D20-4544-BE3E-DABA449ABBDC}.Release|x86.ActiveCfg = Release|x86
		{B052BCB4-9D20-4544-BE3E-DABA449ABBDC}.Release|x86.Build.0 = Release|x86
		{B052BCB4-9D20-4544-BE3E-DABA449ABBDC}.Release|x86.Deploy.0 = Release|x86
		{4C3C184A-54A8-4673-B351-1324C5C520D8}.Ad-Hoc|Any CPU.ActiveCfg = Release|Any CPU
		{4C3C184A-54A8-4673-B351-1324C5C520D8}.Ad-Hoc|Any CPU.Build.0 = Release|Any CPU
		{4C3C184A-54A8-4673-B351-1324C5C520D8}.Ad-Hoc|ARM.ActiveCfg = Release|Any CPU
		{4C3C184A-54A8-4673-B351-1324C5C520D8}.Ad-Hoc|ARM.Build.0 = Release|Any CPU
		{4C3C184A-54A8-4673-B351-1324C5C520D8}.Ad-Hoc|iPhone.ActiveCfg = Release|Any CPU
		{4C3C184A-54A8-4673-B351-1324C5C520D8}.Ad-Hoc|iPhone.Build.0 = Release|Any CPU
		{4C3C184A-54A8-4673-B351-1324C5C520D8}.Ad-Hoc|iPhoneSimulator.ActiveCfg = Release|Any CPU
		{4C3C184A-54A8-4673-B351-1324C5C520D8}.Ad-Hoc|iPhoneSimulator.Build.0 = Release|Any CPU
		{4C3C184A-54A8-4673-B351-1324C5C520D8}.Ad-Hoc|x64.ActiveCfg = Release|Any CPU
		{4C3C184A-54A8-4673-B351-1324C5C520D8}.Ad-Hoc|x64.Build.0 = Release|Any CPU
		{4C3C184A-54A8-4673-B351-1324C5C520D8}.Ad-Hoc|x86.ActiveCfg = Release|Any CPU
		{4C3C184A-54A8-4673-B351-1324C5C520D8}.Ad-Hoc|x86.Build.0 = Release|Any CPU
		{4C3C184A-54A8-4673-B351-1324C5C520D8}.AppStore|Any CPU.ActiveCfg = Release|Any CPU
		{4C3C184A-54A8-4673-B351-1324C5C520D8}.AppStore|Any CPU.Build.0 = Release|Any CPU
		{4C3C184A-54A8-4673-B351-1324C5C520D8}.AppStore|ARM.ActiveCfg = Release|Any CPU
		{4C3C184A-54A8-4673-B351-1324C5C520D8}.AppStore|ARM.Build.0 = Release|Any CPU
		{4C3C184A-54A8-4673-B351-1324C5C520D8}.AppStore|iPhone.ActiveCfg = Release|Any CPU
		{4C3C184A-54A8-4673-B351-1324C5C520D8}.AppStore|iPhone.Build.0 = Release|Any CPU
		{4C3C184A-54A8-4673-B351-1324C5C520D8}.AppStore|iPhoneSimulator.ActiveCfg = Release|Any CPU
		{4C3C184A-54A8-4673-B351-1324C5C520D8}.AppStore|iPhoneSimulator.Build.0 = Release|Any CPU
		{4C3C184A-54A8-4673-B351-1324C5C520D8}.AppStore|x64.ActiveCfg = Release|Any CPU
		{4C3C184A-54A8-4673-B351-1324C5C520D8}.AppStore|x64.Build.0 = Release|Any CPU
		{4C3C184A-54A8-4673-B351-1324C5C520D8}.AppStore|x86.ActiveCfg = Release|Any CPU
		{4C3C184A-54A8-4673-B351-1324C5C520D8}.AppStore|x86.Build.0 = Release|Any CPU
		{4C3C184A-54A8-4673-B351-1324C5C520D8}.Debug|Any CPU.ActiveCfg = Debug|Any CPU
		{4C3C184A-54A8-4673-B351-1324C5C520D8}.Debug|Any CPU.Build.0 = Debug|Any CPU
		{4C3C184A-54A8-4673-B351-1324C5C520D8}.Debug|ARM.ActiveCfg = Debug|Any CPU
		{4C3C184A-54A8-4673-B351-1324C5C520D8}.Debug|ARM.Build.0 = Debug|Any CPU
		{4C3C184A-54A8-4673-B351-1324C5C520D8}.Debug|iPhone.ActiveCfg = Debug|Any CPU
		{4C3C184A-54A8-4673-B351-1324C5C520D8}.Debug|iPhone.Build.0 = Debug|Any CPU
		{4C3C184A-54A8-4673-B351-1324C5C520D8}.Debug|iPhoneSimulator.ActiveCfg = Debug|Any CPU
		{4C3C184A-54A8-4673-B351-1324C5C520D8}.Debug|iPhoneSimulator.Build.0 = Debug|Any CPU
		{4C3C184A-54A8-4673-B351-1324C5C520D8}.Debug|x64.ActiveCfg = Debug|Any CPU
		{4C3C184A-54A8-4673-B351-1324C5C520D8}.Debug|x64.Build.0 = Debug|Any CPU
		{4C3C184A-54A8-4673-B351-1324C5C520D8}.Debug|x86.ActiveCfg = Debug|Any CPU
		{4C3C184A-54A8-4673-B351-1324C5C520D8}.Debug|x86.Build.0 = Debug|Any CPU
		{4C3C184A-54A8-4673-B351-1324C5C520D8}.Release|Any CPU.ActiveCfg = Release|Any CPU
		{4C3C184A-54A8-4673-B351-1324C5C520D8}.Release|Any CPU.Build.0 = Release|Any CPU
		{4C3C184A-54A8-4673-B351-1324C5C520D8}.Release|ARM.ActiveCfg = Release|Any CPU
		{4C3C184A-54A8-4673-B351-1324C5C520D8}.Release|ARM.Build.0 = Release|Any CPU
		{4C3C184A-54A8-4673-B351-1324C5C520D8}.Release|iPhone.ActiveCfg = Release|Any CPU
		{4C3C184A-54A8-4673-B351-1324C5C520D8}.Release|iPhone.Build.0 = Release|Any CPU
		{4C3C184A-54A8-4673-B351-1324C5C520D8}.Release|iPhoneSimulator.ActiveCfg = Release|Any CPU
		{4C3C184A-54A8-4673-B351-1324C5C520D8}.Release|iPhoneSimulator.Build.0 = Release|Any CPU
		{4C3C184A-54A8-4673-B351-1324C5C520D8}.Release|x64.ActiveCfg = Release|Any CPU
		{4C3C184A-54A8-4673-B351-1324C5C520D8}.Release|x64.Build.0 = Release|Any CPU
		{4C3C184A-54A8-4673-B351-1324C5C520D8}.Release|x86.ActiveCfg = Release|Any CPU
		{4C3C184A-54A8-4673-B351-1324C5C520D8}.Release|x86.Build.0 = Release|Any CPU
		{C56C1739-4B96-4ED3-93F0-F4F28EF89ADF}.Ad-Hoc|Any CPU.ActiveCfg = Release|Any CPU
		{C56C1739-4B96-4ED3-93F0-F4F28EF89ADF}.Ad-Hoc|Any CPU.Build.0 = Release|Any CPU
		{C56C1739-4B96-4ED3-93F0-F4F28EF89ADF}.Ad-Hoc|Any CPU.Deploy.0 = Release|Any CPU
		{C56C1739-4B96-4ED3-93F0-F4F28EF89ADF}.Ad-Hoc|ARM.ActiveCfg = Release|Any CPU
		{C56C1739-4B96-4ED3-93F0-F4F28EF89ADF}.Ad-Hoc|ARM.Build.0 = Release|Any CPU
		{C56C1739-4B96-4ED3-93F0-F4F28EF89ADF}.Ad-Hoc|ARM.Deploy.0 = Release|Any CPU
		{C56C1739-4B96-4ED3-93F0-F4F28EF89ADF}.Ad-Hoc|iPhone.ActiveCfg = Release|Any CPU
		{C56C1739-4B96-4ED3-93F0-F4F28EF89ADF}.Ad-Hoc|iPhone.Build.0 = Release|Any CPU
		{C56C1739-4B96-4ED3-93F0-F4F28EF89ADF}.Ad-Hoc|iPhone.Deploy.0 = Release|Any CPU
		{C56C1739-4B96-4ED3-93F0-F4F28EF89ADF}.Ad-Hoc|iPhoneSimulator.ActiveCfg = Release|Any CPU
		{C56C1739-4B96-4ED3-93F0-F4F28EF89ADF}.Ad-Hoc|iPhoneSimulator.Build.0 = Release|Any CPU
		{C56C1739-4B96-4ED3-93F0-F4F28EF89ADF}.Ad-Hoc|iPhoneSimulator.Deploy.0 = Release|Any CPU
		{C56C1739-4B96-4ED3-93F0-F4F28EF89ADF}.Ad-Hoc|x64.ActiveCfg = Release|Any CPU
		{C56C1739-4B96-4ED3-93F0-F4F28EF89ADF}.Ad-Hoc|x64.Build.0 = Release|Any CPU
		{C56C1739-4B96-4ED3-93F0-F4F28EF89ADF}.Ad-Hoc|x64.Deploy.0 = Release|Any CPU
		{C56C1739-4B96-4ED3-93F0-F4F28EF89ADF}.Ad-Hoc|x86.ActiveCfg = Release|Any CPU
		{C56C1739-4B96-4ED3-93F0-F4F28EF89ADF}.Ad-Hoc|x86.Build.0 = Release|Any CPU
		{C56C1739-4B96-4ED3-93F0-F4F28EF89ADF}.Ad-Hoc|x86.Deploy.0 = Release|Any CPU
		{C56C1739-4B96-4ED3-93F0-F4F28EF89ADF}.AppStore|Any CPU.ActiveCfg = Release|Any CPU
		{C56C1739-4B96-4ED3-93F0-F4F28EF89ADF}.AppStore|Any CPU.Build.0 = Release|Any CPU
		{C56C1739-4B96-4ED3-93F0-F4F28EF89ADF}.AppStore|Any CPU.Deploy.0 = Release|Any CPU
		{C56C1739-4B96-4ED3-93F0-F4F28EF89ADF}.AppStore|ARM.ActiveCfg = Release|Any CPU
		{C56C1739-4B96-4ED3-93F0-F4F28EF89ADF}.AppStore|ARM.Build.0 = Release|Any CPU
		{C56C1739-4B96-4ED3-93F0-F4F28EF89ADF}.AppStore|ARM.Deploy.0 = Release|Any CPU
		{C56C1739-4B96-4ED3-93F0-F4F28EF89ADF}.AppStore|iPhone.ActiveCfg = Release|Any CPU
		{C56C1739-4B96-4ED3-93F0-F4F28EF89ADF}.AppStore|iPhone.Build.0 = Release|Any CPU
		{C56C1739-4B96-4ED3-93F0-F4F28EF89ADF}.AppStore|iPhone.Deploy.0 = Release|Any CPU
		{C56C1739-4B96-4ED3-93F0-F4F28EF89ADF}.AppStore|iPhoneSimulator.ActiveCfg = Release|Any CPU
		{C56C1739-4B96-4ED3-93F0-F4F28EF89ADF}.AppStore|iPhoneSimulator.Build.0 = Release|Any CPU
		{C56C1739-4B96-4ED3-93F0-F4F28EF89ADF}.AppStore|iPhoneSimulator.Deploy.0 = Release|Any CPU
		{C56C1739-4B96-4ED3-93F0-F4F28EF89ADF}.AppStore|x64.ActiveCfg = Release|Any CPU
		{C56C1739-4B96-4ED3-93F0-F4F28EF89ADF}.AppStore|x64.Build.0 = Release|Any CPU
		{C56C1739-4B96-4ED3-93F0-F4F28EF89ADF}.AppStore|x64.Deploy.0 = Release|Any CPU
		{C56C1739-4B96-4ED3-93F0-F4F28EF89ADF}.AppStore|x86.ActiveCfg = Release|Any CPU
		{C56C1739-4B96-4ED3-93F0-F4F28EF89ADF}.AppStore|x86.Build.0 = Release|Any CPU
		{C56C1739-4B96-4ED3-93F0-F4F28EF89ADF}.AppStore|x86.Deploy.0 = Release|Any CPU
		{C56C1739-4B96-4ED3-93F0-F4F28EF89ADF}.Debug|Any CPU.ActiveCfg = Debug|Any CPU
		{C56C1739-4B96-4ED3-93F0-F4F28EF89ADF}.Debug|Any CPU.Build.0 = Debug|Any CPU
		{C56C1739-4B96-4ED3-93F0-F4F28EF89ADF}.Debug|Any CPU.Deploy.0 = Debug|Any CPU
		{C56C1739-4B96-4ED3-93F0-F4F28EF89ADF}.Debug|ARM.ActiveCfg = Debug|Any CPU
		{C56C1739-4B96-4ED3-93F0-F4F28EF89ADF}.Debug|ARM.Build.0 = Debug|Any CPU
		{C56C1739-4B96-4ED3-93F0-F4F28EF89ADF}.Debug|ARM.Deploy.0 = Debug|Any CPU
		{C56C1739-4B96-4ED3-93F0-F4F28EF89ADF}.Debug|iPhone.ActiveCfg = Debug|Any CPU
		{C56C1739-4B96-4ED3-93F0-F4F28EF89ADF}.Debug|iPhone.Build.0 = Debug|Any CPU
		{C56C1739-4B96-4ED3-93F0-F4F28EF89ADF}.Debug|iPhone.Deploy.0 = Debug|Any CPU
		{C56C1739-4B96-4ED3-93F0-F4F28EF89ADF}.Debug|iPhoneSimulator.ActiveCfg = Debug|Any CPU
		{C56C1739-4B96-4ED3-93F0-F4F28EF89ADF}.Debug|iPhoneSimulator.Build.0 = Debug|Any CPU
		{C56C1739-4B96-4ED3-93F0-F4F28EF89ADF}.Debug|iPhoneSimulator.Deploy.0 = Debug|Any CPU
		{C56C1739-4B96-4ED3-93F0-F4F28EF89ADF}.Debug|x64.ActiveCfg = Debug|Any CPU
		{C56C1739-4B96-4ED3-93F0-F4F28EF89ADF}.Debug|x64.Build.0 = Debug|Any CPU
		{C56C1739-4B96-4ED3-93F0-F4F28EF89ADF}.Debug|x64.Deploy.0 = Debug|Any CPU
		{C56C1739-4B96-4ED3-93F0-F4F28EF89ADF}.Debug|x86.ActiveCfg = Debug|Any CPU
		{C56C1739-4B96-4ED3-93F0-F4F28EF89ADF}.Debug|x86.Build.0 = Debug|Any CPU
		{C56C1739-4B96-4ED3-93F0-F4F28EF89ADF}.Debug|x86.Deploy.0 = Debug|Any CPU
		{C56C1739-4B96-4ED3-93F0-F4F28EF89ADF}.Release|Any CPU.ActiveCfg = Release|Any CPU
		{C56C1739-4B96-4ED3-93F0-F4F28EF89ADF}.Release|Any CPU.Build.0 = Release|Any CPU
		{C56C1739-4B96-4ED3-93F0-F4F28EF89ADF}.Release|Any CPU.Deploy.0 = Release|Any CPU
		{C56C1739-4B96-4ED3-93F0-F4F28EF89ADF}.Release|ARM.ActiveCfg = Release|Any CPU
		{C56C1739-4B96-4ED3-93F0-F4F28EF89ADF}.Release|ARM.Build.0 = Release|Any CPU
		{C56C1739-4B96-4ED3-93F0-F4F28EF89ADF}.Release|ARM.Deploy.0 = Release|Any CPU
		{C56C1739-4B96-4ED3-93F0-F4F28EF89ADF}.Release|iPhone.ActiveCfg = Release|Any CPU
		{C56C1739-4B96-4ED3-93F0-F4F28EF89ADF}.Release|iPhone.Build.0 = Release|Any CPU
		{C56C1739-4B96-4ED3-93F0-F4F28EF89ADF}.Release|iPhone.Deploy.0 = Release|Any CPU
		{C56C1739-4B96-4ED3-93F0-F4F28EF89ADF}.Release|iPhoneSimulator.ActiveCfg = Release|Any CPU
		{C56C1739-4B96-4ED3-93F0-F4F28EF89ADF}.Release|iPhoneSimulator.Build.0 = Release|Any CPU
		{C56C1739-4B96-4ED3-93F0-F4F28EF89ADF}.Release|iPhoneSimulator.Deploy.0 = Release|Any CPU
		{C56C1739-4B96-4ED3-93F0-F4F28EF89ADF}.Release|x64.ActiveCfg = Release|Any CPU
		{C56C1739-4B96-4ED3-93F0-F4F28EF89ADF}.Release|x64.Build.0 = Release|Any CPU
		{C56C1739-4B96-4ED3-93F0-F4F28EF89ADF}.Release|x64.Deploy.0 = Release|Any CPU
		{C56C1739-4B96-4ED3-93F0-F4F28EF89ADF}.Release|x86.ActiveCfg = Release|Any CPU
		{C56C1739-4B96-4ED3-93F0-F4F28EF89ADF}.Release|x86.Build.0 = Release|Any CPU
		{C56C1739-4B96-4ED3-93F0-F4F28EF89ADF}.Release|x86.Deploy.0 = Release|Any CPU
		{3B32FB45-F1DA-44AB-8F6E-4A715A0ADD90}.Ad-Hoc|Any CPU.ActiveCfg = Release|iPhone
		{3B32FB45-F1DA-44AB-8F6E-4A715A0ADD90}.Ad-Hoc|Any CPU.Build.0 = Release|iPhone
		{3B32FB45-F1DA-44AB-8F6E-4A715A0ADD90}.Ad-Hoc|ARM.ActiveCfg = Release|iPhone
		{3B32FB45-F1DA-44AB-8F6E-4A715A0ADD90}.Ad-Hoc|ARM.Build.0 = Release|iPhone
		{3B32FB45-F1DA-44AB-8F6E-4A715A0ADD90}.Ad-Hoc|iPhone.ActiveCfg = Release|iPhone
		{3B32FB45-F1DA-44AB-8F6E-4A715A0ADD90}.Ad-Hoc|iPhone.Build.0 = Release|iPhone
		{3B32FB45-F1DA-44AB-8F6E-4A715A0ADD90}.Ad-Hoc|iPhoneSimulator.ActiveCfg = Release|iPhoneSimulator
		{3B32FB45-F1DA-44AB-8F6E-4A715A0ADD90}.Ad-Hoc|iPhoneSimulator.Build.0 = Release|iPhoneSimulator
		{3B32FB45-F1DA-44AB-8F6E-4A715A0ADD90}.Ad-Hoc|x64.ActiveCfg = Release|iPhone
		{3B32FB45-F1DA-44AB-8F6E-4A715A0ADD90}.Ad-Hoc|x64.Build.0 = Release|iPhone
		{3B32FB45-F1DA-44AB-8F6E-4A715A0ADD90}.Ad-Hoc|x86.ActiveCfg = Release|iPhone
		{3B32FB45-F1DA-44AB-8F6E-4A715A0ADD90}.Ad-Hoc|x86.Build.0 = Release|iPhone
		{3B32FB45-F1DA-44AB-8F6E-4A715A0ADD90}.AppStore|Any CPU.ActiveCfg = Release|iPhone
		{3B32FB45-F1DA-44AB-8F6E-4A715A0ADD90}.AppStore|Any CPU.Build.0 = Release|iPhone
		{3B32FB45-F1DA-44AB-8F6E-4A715A0ADD90}.AppStore|ARM.ActiveCfg = Release|iPhone
		{3B32FB45-F1DA-44AB-8F6E-4A715A0ADD90}.AppStore|ARM.Build.0 = Release|iPhone
		{3B32FB45-F1DA-44AB-8F6E-4A715A0ADD90}.AppStore|iPhone.ActiveCfg = Release|iPhone
		{3B32FB45-F1DA-44AB-8F6E-4A715A0ADD90}.AppStore|iPhone.Build.0 = Release|iPhone
		{3B32FB45-F1DA-44AB-8F6E-4A715A0ADD90}.AppStore|iPhoneSimulator.ActiveCfg = Release|iPhoneSimulator
		{3B32FB45-F1DA-44AB-8F6E-4A715A0ADD90}.AppStore|iPhoneSimulator.Build.0 = Release|iPhoneSimulator
		{3B32FB45-F1DA-44AB-8F6E-4A715A0ADD90}.AppStore|x64.ActiveCfg = Release|iPhone
		{3B32FB45-F1DA-44AB-8F6E-4A715A0ADD90}.AppStore|x64.Build.0 = Release|iPhone
		{3B32FB45-F1DA-44AB-8F6E-4A715A0ADD90}.AppStore|x86.ActiveCfg = Release|iPhone
		{3B32FB45-F1DA-44AB-8F6E-4A715A0ADD90}.AppStore|x86.Build.0 = Release|iPhone
		{3B32FB45-F1DA-44AB-8F6E-4A715A0ADD90}.Debug|Any CPU.ActiveCfg = Debug|iPhone
		{3B32FB45-F1DA-44AB-8F6E-4A715A0ADD90}.Debug|ARM.ActiveCfg = Debug|iPhone
		{3B32FB45-F1DA-44AB-8F6E-4A715A0ADD90}.Debug|iPhone.ActiveCfg = Debug|iPhone
		{3B32FB45-F1DA-44AB-8F6E-4A715A0ADD90}.Debug|iPhone.Build.0 = Debug|iPhone
		{3B32FB45-F1DA-44AB-8F6E-4A715A0ADD90}.Debug|iPhoneSimulator.ActiveCfg = Debug|iPhoneSimulator
		{3B32FB45-F1DA-44AB-8F6E-4A715A0ADD90}.Debug|iPhoneSimulator.Build.0 = Debug|iPhoneSimulator
		{3B32FB45-F1DA-44AB-8F6E-4A715A0ADD90}.Debug|x64.ActiveCfg = Debug|iPhone
		{3B32FB45-F1DA-44AB-8F6E-4A715A0ADD90}.Debug|x86.ActiveCfg = Debug|iPhone
		{3B32FB45-F1DA-44AB-8F6E-4A715A0ADD90}.Release|Any CPU.ActiveCfg = Release|iPhone
		{3B32FB45-F1DA-44AB-8F6E-4A715A0ADD90}.Release|ARM.ActiveCfg = Release|iPhone
		{3B32FB45-F1DA-44AB-8F6E-4A715A0ADD90}.Release|iPhone.ActiveCfg = Release|iPhone
		{3B32FB45-F1DA-44AB-8F6E-4A715A0ADD90}.Release|iPhone.Build.0 = Release|iPhone
		{3B32FB45-F1DA-44AB-8F6E-4A715A0ADD90}.Release|iPhoneSimulator.ActiveCfg = Release|iPhoneSimulator
		{3B32FB45-F1DA-44AB-8F6E-4A715A0ADD90}.Release|iPhoneSimulator.Build.0 = Release|iPhoneSimulator
		{3B32FB45-F1DA-44AB-8F6E-4A715A0ADD90}.Release|x64.ActiveCfg = Release|iPhone
		{3B32FB45-F1DA-44AB-8F6E-4A715A0ADD90}.Release|x86.ActiveCfg = Release|iPhone
		{B9DB13DC-EC05-4AD4-8F51-C0737D251755}.Ad-Hoc|Any CPU.ActiveCfg = Release|Any CPU
		{B9DB13DC-EC05-4AD4-8F51-C0737D251755}.Ad-Hoc|Any CPU.Build.0 = Release|Any CPU
		{B9DB13DC-EC05-4AD4-8F51-C0737D251755}.Ad-Hoc|Any CPU.Deploy.0 = Release|Any CPU
		{B9DB13DC-EC05-4AD4-8F51-C0737D251755}.Ad-Hoc|ARM.ActiveCfg = Release|ARM
		{B9DB13DC-EC05-4AD4-8F51-C0737D251755}.Ad-Hoc|ARM.Build.0 = Release|ARM
		{B9DB13DC-EC05-4AD4-8F51-C0737D251755}.Ad-Hoc|ARM.Deploy.0 = Release|ARM
		{B9DB13DC-EC05-4AD4-8F51-C0737D251755}.Ad-Hoc|iPhone.ActiveCfg = Release|Any CPU
		{B9DB13DC-EC05-4AD4-8F51-C0737D251755}.Ad-Hoc|iPhone.Build.0 = Release|Any CPU
		{B9DB13DC-EC05-4AD4-8F51-C0737D251755}.Ad-Hoc|iPhone.Deploy.0 = Release|Any CPU
		{B9DB13DC-EC05-4AD4-8F51-C0737D251755}.Ad-Hoc|iPhoneSimulator.ActiveCfg = Release|Any CPU
		{B9DB13DC-EC05-4AD4-8F51-C0737D251755}.Ad-Hoc|iPhoneSimulator.Build.0 = Release|Any CPU
		{B9DB13DC-EC05-4AD4-8F51-C0737D251755}.Ad-Hoc|iPhoneSimulator.Deploy.0 = Release|Any CPU
		{B9DB13DC-EC05-4AD4-8F51-C0737D251755}.Ad-Hoc|x64.ActiveCfg = Release|Any CPU
		{B9DB13DC-EC05-4AD4-8F51-C0737D251755}.Ad-Hoc|x64.Build.0 = Release|Any CPU
		{B9DB13DC-EC05-4AD4-8F51-C0737D251755}.Ad-Hoc|x64.Deploy.0 = Release|Any CPU
		{B9DB13DC-EC05-4AD4-8F51-C0737D251755}.Ad-Hoc|x86.ActiveCfg = Release|x86
		{B9DB13DC-EC05-4AD4-8F51-C0737D251755}.Ad-Hoc|x86.Build.0 = Release|x86
		{B9DB13DC-EC05-4AD4-8F51-C0737D251755}.Ad-Hoc|x86.Deploy.0 = Release|x86
		{B9DB13DC-EC05-4AD4-8F51-C0737D251755}.AppStore|Any CPU.ActiveCfg = Release|Any CPU
		{B9DB13DC-EC05-4AD4-8F51-C0737D251755}.AppStore|Any CPU.Build.0 = Release|Any CPU
		{B9DB13DC-EC05-4AD4-8F51-C0737D251755}.AppStore|Any CPU.Deploy.0 = Release|Any CPU
		{B9DB13DC-EC05-4AD4-8F51-C0737D251755}.AppStore|ARM.ActiveCfg = Release|ARM
		{B9DB13DC-EC05-4AD4-8F51-C0737D251755}.AppStore|ARM.Build.0 = Release|ARM
		{B9DB13DC-EC05-4AD4-8F51-C0737D251755}.AppStore|ARM.Deploy.0 = Release|ARM
		{B9DB13DC-EC05-4AD4-8F51-C0737D251755}.AppStore|iPhone.ActiveCfg = Release|Any CPU
		{B9DB13DC-EC05-4AD4-8F51-C0737D251755}.AppStore|iPhone.Build.0 = Release|Any CPU
		{B9DB13DC-EC05-4AD4-8F51-C0737D251755}.AppStore|iPhone.Deploy.0 = Release|Any CPU
		{B9DB13DC-EC05-4AD4-8F51-C0737D251755}.AppStore|iPhoneSimulator.ActiveCfg = Release|Any CPU
		{B9DB13DC-EC05-4AD4-8F51-C0737D251755}.AppStore|iPhoneSimulator.Build.0 = Release|Any CPU
		{B9DB13DC-EC05-4AD4-8F51-C0737D251755}.AppStore|iPhoneSimulator.Deploy.0 = Release|Any CPU
		{B9DB13DC-EC05-4AD4-8F51-C0737D251755}.AppStore|x64.ActiveCfg = Release|Any CPU
		{B9DB13DC-EC05-4AD4-8F51-C0737D251755}.AppStore|x64.Build.0 = Release|Any CPU
		{B9DB13DC-EC05-4AD4-8F51-C0737D251755}.AppStore|x64.Deploy.0 = Release|Any CPU
		{B9DB13DC-EC05-4AD4-8F51-C0737D251755}.AppStore|x86.ActiveCfg = Release|x86
		{B9DB13DC-EC05-4AD4-8F51-C0737D251755}.AppStore|x86.Build.0 = Release|x86
		{B9DB13DC-EC05-4AD4-8F51-C0737D251755}.AppStore|x86.Deploy.0 = Release|x86
		{B9DB13DC-EC05-4AD4-8F51-C0737D251755}.Debug|Any CPU.ActiveCfg = Debug|Any CPU
		{B9DB13DC-EC05-4AD4-8F51-C0737D251755}.Debug|Any CPU.Build.0 = Debug|Any CPU
		{B9DB13DC-EC05-4AD4-8F51-C0737D251755}.Debug|Any CPU.Deploy.0 = Debug|Any CPU
		{B9DB13DC-EC05-4AD4-8F51-C0737D251755}.Debug|ARM.ActiveCfg = Debug|ARM
		{B9DB13DC-EC05-4AD4-8F51-C0737D251755}.Debug|ARM.Build.0 = Debug|ARM
		{B9DB13DC-EC05-4AD4-8F51-C0737D251755}.Debug|ARM.Deploy.0 = Debug|ARM
		{B9DB13DC-EC05-4AD4-8F51-C0737D251755}.Debug|iPhone.ActiveCfg = Debug|Any CPU
		{B9DB13DC-EC05-4AD4-8F51-C0737D251755}.Debug|iPhone.Build.0 = Debug|Any CPU
		{B9DB13DC-EC05-4AD4-8F51-C0737D251755}.Debug|iPhone.Deploy.0 = Debug|Any CPU
		{B9DB13DC-EC05-4AD4-8F51-C0737D251755}.Debug|iPhoneSimulator.ActiveCfg = Debug|Any CPU
		{B9DB13DC-EC05-4AD4-8F51-C0737D251755}.Debug|iPhoneSimulator.Build.0 = Debug|Any CPU
		{B9DB13DC-EC05-4AD4-8F51-C0737D251755}.Debug|iPhoneSimulator.Deploy.0 = Debug|Any CPU
		{B9DB13DC-EC05-4AD4-8F51-C0737D251755}.Debug|x64.ActiveCfg = Debug|Any CPU
		{B9DB13DC-EC05-4AD4-8F51-C0737D251755}.Debug|x64.Build.0 = Debug|Any CPU
		{B9DB13DC-EC05-4AD4-8F51-C0737D251755}.Debug|x64.Deploy.0 = Debug|Any CPU
		{B9DB13DC-EC05-4AD4-8F51-C0737D251755}.Debug|x86.ActiveCfg = Debug|x86
		{B9DB13DC-EC05-4AD4-8F51-C0737D251755}.Debug|x86.Build.0 = Debug|x86
		{B9DB13DC-EC05-4AD4-8F51-C0737D251755}.Debug|x86.Deploy.0 = Debug|x86
		{B9DB13DC-EC05-4AD4-8F51-C0737D251755}.Release|Any CPU.ActiveCfg = Release|Any CPU
		{B9DB13DC-EC05-4AD4-8F51-C0737D251755}.Release|Any CPU.Build.0 = Release|Any CPU
		{B9DB13DC-EC05-4AD4-8F51-C0737D251755}.Release|Any CPU.Deploy.0 = Release|Any CPU
		{B9DB13DC-EC05-4AD4-8F51-C0737D251755}.Release|ARM.ActiveCfg = Release|ARM
		{B9DB13DC-EC05-4AD4-8F51-C0737D251755}.Release|ARM.Build.0 = Release|ARM
		{B9DB13DC-EC05-4AD4-8F51-C0737D251755}.Release|ARM.Deploy.0 = Release|ARM
		{B9DB13DC-EC05-4AD4-8F51-C0737D251755}.Release|iPhone.ActiveCfg = Release|Any CPU
		{B9DB13DC-EC05-4AD4-8F51-C0737D251755}.Release|iPhone.Build.0 = Release|Any CPU
		{B9DB13DC-EC05-4AD4-8F51-C0737D251755}.Release|iPhone.Deploy.0 = Release|Any CPU
		{B9DB13DC-EC05-4AD4-8F51-C0737D251755}.Release|iPhoneSimulator.ActiveCfg = Release|Any CPU
		{B9DB13DC-EC05-4AD4-8F51-C0737D251755}.Release|iPhoneSimulator.Build.0 = Release|Any CPU
		{B9DB13DC-EC05-4AD4-8F51-C0737D251755}.Release|iPhoneSimulator.Deploy.0 = Release|Any CPU
		{B9DB13DC-EC05-4AD4-8F51-C0737D251755}.Release|x64.ActiveCfg = Release|Any CPU
		{B9DB13DC-EC05-4AD4-8F51-C0737D251755}.Release|x64.Build.0 = Release|Any CPU
		{B9DB13DC-EC05-4AD4-8F51-C0737D251755}.Release|x64.Deploy.0 = Release|Any CPU
		{B9DB13DC-EC05-4AD4-8F51-C0737D251755}.Release|x86.ActiveCfg = Release|x86
		{B9DB13DC-EC05-4AD4-8F51-C0737D251755}.Release|x86.Build.0 = Release|x86
		{B9DB13DC-EC05-4AD4-8F51-C0737D251755}.Release|x86.Deploy.0 = Release|x86
		{46EE6A33-3BE6-48A7-918D-90C8E333C135}.Ad-Hoc|Any CPU.ActiveCfg = Release|Any CPU
		{46EE6A33-3BE6-48A7-918D-90C8E333C135}.Ad-Hoc|Any CPU.Build.0 = Release|Any CPU
		{46EE6A33-3BE6-48A7-918D-90C8E333C135}.Ad-Hoc|ARM.ActiveCfg = Release|Any CPU
		{46EE6A33-3BE6-48A7-918D-90C8E333C135}.Ad-Hoc|ARM.Build.0 = Release|Any CPU
		{46EE6A33-3BE6-48A7-918D-90C8E333C135}.Ad-Hoc|iPhone.ActiveCfg = Release|Any CPU
		{46EE6A33-3BE6-48A7-918D-90C8E333C135}.Ad-Hoc|iPhone.Build.0 = Release|Any CPU
		{46EE6A33-3BE6-48A7-918D-90C8E333C135}.Ad-Hoc|iPhoneSimulator.ActiveCfg = Release|Any CPU
		{46EE6A33-3BE6-48A7-918D-90C8E333C135}.Ad-Hoc|iPhoneSimulator.Build.0 = Release|Any CPU
		{46EE6A33-3BE6-48A7-918D-90C8E333C135}.Ad-Hoc|x64.ActiveCfg = Release|Any CPU
		{46EE6A33-3BE6-48A7-918D-90C8E333C135}.Ad-Hoc|x64.Build.0 = Release|Any CPU
		{46EE6A33-3BE6-48A7-918D-90C8E333C135}.Ad-Hoc|x86.ActiveCfg = Release|Any CPU
		{46EE6A33-3BE6-48A7-918D-90C8E333C135}.Ad-Hoc|x86.Build.0 = Release|Any CPU
		{46EE6A33-3BE6-48A7-918D-90C8E333C135}.AppStore|Any CPU.ActiveCfg = Release|Any CPU
		{46EE6A33-3BE6-48A7-918D-90C8E333C135}.AppStore|Any CPU.Build.0 = Release|Any CPU
		{46EE6A33-3BE6-48A7-918D-90C8E333C135}.AppStore|ARM.ActiveCfg = Release|Any CPU
		{46EE6A33-3BE6-48A7-918D-90C8E333C135}.AppStore|ARM.Build.0 = Release|Any CPU
		{46EE6A33-3BE6-48A7-918D-90C8E333C135}.AppStore|iPhone.ActiveCfg = Release|Any CPU
		{46EE6A33-3BE6-48A7-918D-90C8E333C135}.AppStore|iPhone.Build.0 = Release|Any CPU
		{46EE6A33-3BE6-48A7-918D-90C8E333C135}.AppStore|iPhoneSimulator.ActiveCfg = Release|Any CPU
		{46EE6A33-3BE6-48A7-918D-90C8E333C135}.AppStore|iPhoneSimulator.Build.0 = Release|Any CPU
		{46EE6A33-3BE6-48A7-918D-90C8E333C135}.AppStore|x64.ActiveCfg = Release|Any CPU
		{46EE6A33-3BE6-48A7-918D-90C8E333C135}.AppStore|x64.Build.0 = Release|Any CPU
		{46EE6A33-3BE6-48A7-918D-90C8E333C135}.AppStore|x86.ActiveCfg = Release|Any CPU
		{46EE6A33-3BE6-48A7-918D-90C8E333C135}.AppStore|x86.Build.0 = Release|Any CPU
		{46EE6A33-3BE6-48A7-918D-90C8E333C135}.Debug|Any CPU.ActiveCfg = Debug|Any CPU
		{46EE6A33-3BE6-48A7-918D-90C8E333C135}.Debug|Any CPU.Build.0 = Debug|Any CPU
		{46EE6A33-3BE6-48A7-918D-90C8E333C135}.Debug|ARM.ActiveCfg = Debug|Any CPU
		{46EE6A33-3BE6-48A7-918D-90C8E333C135}.Debug|ARM.Build.0 = Debug|Any CPU
		{46EE6A33-3BE6-48A7-918D-90C8E333C135}.Debug|iPhone.ActiveCfg = Debug|Any CPU
		{46EE6A33-3BE6-48A7-918D-90C8E333C135}.Debug|iPhone.Build.0 = Debug|Any CPU
		{46EE6A33-3BE6-48A7-918D-90C8E333C135}.Debug|iPhoneSimulator.ActiveCfg = Debug|Any CPU
		{46EE6A33-3BE6-48A7-918D-90C8E333C135}.Debug|iPhoneSimulator.Build.0 = Debug|Any CPU
		{46EE6A33-3BE6-48A7-918D-90C8E333C135}.Debug|x64.ActiveCfg = Debug|Any CPU
		{46EE6A33-3BE6-48A7-918D-90C8E333C135}.Debug|x64.Build.0 = Debug|Any CPU
		{46EE6A33-3BE6-48A7-918D-90C8E333C135}.Debug|x86.ActiveCfg = Debug|Any CPU
		{46EE6A33-3BE6-48A7-918D-90C8E333C135}.Debug|x86.Build.0 = Debug|Any CPU
		{46EE6A33-3BE6-48A7-918D-90C8E333C135}.Release|Any CPU.ActiveCfg = Release|Any CPU
		{46EE6A33-3BE6-48A7-918D-90C8E333C135}.Release|Any CPU.Build.0 = Release|Any CPU
		{46EE6A33-3BE6-48A7-918D-90C8E333C135}.Release|ARM.ActiveCfg = Release|Any CPU
		{46EE6A33-3BE6-48A7-918D-90C8E333C135}.Release|ARM.Build.0 = Release|Any CPU
		{46EE6A33-3BE6-48A7-918D-90C8E333C135}.Release|iPhone.ActiveCfg = Release|Any CPU
		{46EE6A33-3BE6-48A7-918D-90C8E333C135}.Release|iPhone.Build.0 = Release|Any CPU
		{46EE6A33-3BE6-48A7-918D-90C8E333C135}.Release|iPhoneSimulator.ActiveCfg = Release|Any CPU
		{46EE6A33-3BE6-48A7-918D-90C8E333C135}.Release|iPhoneSimulator.Build.0 = Release|Any CPU
		{46EE6A33-3BE6-48A7-918D-90C8E333C135}.Release|x64.ActiveCfg = Release|Any CPU
		{46EE6A33-3BE6-48A7-918D-90C8E333C135}.Release|x64.Build.0 = Release|Any CPU
		{46EE6A33-3BE6-48A7-918D-90C8E333C135}.Release|x86.ActiveCfg = Release|Any CPU
		{46EE6A33-3BE6-48A7-918D-90C8E333C135}.Release|x86.Build.0 = Release|Any CPU
	EndGlobalSection
	GlobalSection(SolutionProperties) = preSolution
		HideSolutionNode = FALSE
	EndGlobalSection
	GlobalSection(NestedProjects) = preSolution
		{C56C1739-4B96-4ED3-93F0-F4F28EF89ADF} = {E7E2DAD2-67DA-45EC-B263-9FBE18AFE814}
		{3B32FB45-F1DA-44AB-8F6E-4A715A0ADD90} = {E7E2DAD2-67DA-45EC-B263-9FBE18AFE814}
		{B9DB13DC-EC05-4AD4-8F51-C0737D251755} = {E7E2DAD2-67DA-45EC-B263-9FBE18AFE814}
		{46EE6A33-3BE6-48A7-918D-90C8E333C135} = {E7E2DAD2-67DA-45EC-B263-9FBE18AFE814}
	EndGlobalSection
EndGlobal
