
Microsoft Visual Studio Solution File, Format Version 12.00
# Visual Studio 14
VisualStudioVersion = 14.0.24720.0
MinimumVisualStudioVersion = 10.0.40219.1
Project("{FAE04EC0-301F-11D3-BF4B-00C04F79EFBC}") = "PhotoJournal.Droid", "PhotoJournal\PhotoJournal.Droid\PhotoJournal.Droid.csproj", "{4A2E2E0E-7004-41A6-8993-87B5E64DCDEF}"
EndProject
Project("{FAE04EC0-301F-11D3-BF4B-00C04F79EFBC}") = "PhotoJournal.iOS", "PhotoJournal\PhotoJournal.iOS\PhotoJournal.iOS.csproj", "{3828FD5A-A369-4543-BCE3-5F21A78B30E3}"
EndProject
Project("{FAE04EC0-301F-11D3-BF4B-00C04F79EFBC}") = "PhotoJournal.WinPhone", "PhotoJournal\PhotoJournal.WinPhone\PhotoJournal.WinPhone.csproj", "{BEF1F1FE-F1A2-4B4E-BC89-DC80ACFAAB89}"
EndProject
Project("{FAE04EC0-301F-11D3-BF4B-00C04F79EFBC}") = "PhotoJournal.UWP", "PhotoJournal\PhotoJournal.UWP\PhotoJournal.UWP.csproj", "{92D5D4FE-B23C-4F2C-B577-D8F88ACC0E03}"
EndProject
Project("{FAE04EC0-301F-11D3-BF4B-00C04F79EFBC}") = "PhotoJournal.Windows", "PhotoJournal\PhotoJournal.Windows\PhotoJournal.Windows.csproj", "{49D9BBDF-35C4-43C4-8864-2FF6B09897A4}"
EndProject
Project("{FAE04EC0-301F-11D3-BF4B-00C04F79EFBC}") = "PhotoJournal", "PhotoJournal\PhotoJournal\PhotoJournal.csproj", "{2578DE27-69FB-4D0E-881A-4F45B789EEFB}"
EndProject
Project("{FAE04EC0-301F-11D3-BF4B-00C04F79EFBC}") = "PhotoJournal.Services", "PhotoJournal.Services\PhotoJournal.Services.csproj", "{67F9D3A8-F71E-4428-913F-C37AE82CDB24}"
EndProject
Project("{FAE04EC0-301F-11D3-BF4B-00C04F79EFBC}") = "PhotoJournalUITests", "PhotoJournalUITests\PhotoJournalUITests.csproj", "{69667491-C848-4FF0-8033-2F437072D343}"
EndProject
Project("{FAE04EC0-301F-11D3-BF4B-00C04F79EFBC}") = "UnitTests", "UnitTests\UnitTests.csproj", "{13203E0D-6B6E-43BE-8E66-0A021C033F06}"
EndProject
Project("{FAE04EC0-301F-11D3-BF4B-00C04F79EFBC}") = "FunctionalTests", "FunctionalTests\FunctionalTests.csproj", "{CFDB665C-F22A-49C6-9666-44364E3652F0}"
EndProject
Project("{2150E333-8FDC-42A3-9474-1A3956D46DE8}") = "Tests", "Tests", "{DF9D376E-ABA7-4AF2-BC8F-4764ED50A45B}"
EndProject
Project("{2150E333-8FDC-42A3-9474-1A3956D46DE8}") = "GeneralJournal", "GeneralJournal", "{E8DA5621-D3D1-4FEE-8F52-0D687267B9BD}"
EndProject
Global
	GlobalSection(SolutionConfigurationPlatforms) = preSolution
		Ad-Hoc|Any CPU = Ad-Hoc|Any CPU
		Ad-Hoc|ARM = Ad-Hoc|ARM
		Ad-Hoc|iPhone = Ad-Hoc|iPhone
		Ad-Hoc|iPhoneSimulator = Ad-Hoc|iPhoneSimulator
		Ad-Hoc|x64 = Ad-Hoc|x64
		Ad-Hoc|x86 = Ad-Hoc|x86
		AppStore|Any CPU = AppStore|Any CPU
		AppStore|ARM = AppStore|ARM
		AppStore|iPhone = AppStore|iPhone
		AppStore|iPhoneSimulator = AppStore|iPhoneSimulator
		AppStore|x64 = AppStore|x64
		AppStore|x86 = AppStore|x86
		Debug|Any CPU = Debug|Any CPU
		Debug|ARM = Debug|ARM
		Debug|iPhone = Debug|iPhone
		Debug|iPhoneSimulator = Debug|iPhoneSimulator
		Debug|x64 = Debug|x64
		Debug|x86 = Debug|x86
		Release|Any CPU = Release|Any CPU
		Release|ARM = Release|ARM
		Release|iPhone = Release|iPhone
		Release|iPhoneSimulator = Release|iPhoneSimulator
		Release|x64 = Release|x64
		Release|x86 = Release|x86
	EndGlobalSection
	GlobalSection(ProjectConfigurationPlatforms) = postSolution
		{4A2E2E0E-7004-41A6-8993-87B5E64DCDEF}.Ad-Hoc|Any CPU.ActiveCfg = Release|Any CPU
		{4A2E2E0E-7004-41A6-8993-87B5E64DCDEF}.Ad-Hoc|Any CPU.Build.0 = Release|Any CPU
		{4A2E2E0E-7004-41A6-8993-87B5E64DCDEF}.Ad-Hoc|Any CPU.Deploy.0 = Release|Any CPU
		{4A2E2E0E-7004-41A6-8993-87B5E64DCDEF}.Ad-Hoc|ARM.ActiveCfg = Release|Any CPU
		{4A2E2E0E-7004-41A6-8993-87B5E64DCDEF}.Ad-Hoc|ARM.Build.0 = Release|Any CPU
		{4A2E2E0E-7004-41A6-8993-87B5E64DCDEF}.Ad-Hoc|ARM.Deploy.0 = Release|Any CPU
		{4A2E2E0E-7004-41A6-8993-87B5E64DCDEF}.Ad-Hoc|iPhone.ActiveCfg = Release|Any CPU
		{4A2E2E0E-7004-41A6-8993-87B5E64DCDEF}.Ad-Hoc|iPhone.Build.0 = Release|Any CPU
		{4A2E2E0E-7004-41A6-8993-87B5E64DCDEF}.Ad-Hoc|iPhone.Deploy.0 = Release|Any CPU
		{4A2E2E0E-7004-41A6-8993-87B5E64DCDEF}.Ad-Hoc|iPhoneSimulator.ActiveCfg = Release|Any CPU
		{4A2E2E0E-7004-41A6-8993-87B5E64DCDEF}.Ad-Hoc|iPhoneSimulator.Build.0 = Release|Any CPU
		{4A2E2E0E-7004-41A6-8993-87B5E64DCDEF}.Ad-Hoc|iPhoneSimulator.Deploy.0 = Release|Any CPU
		{4A2E2E0E-7004-41A6-8993-87B5E64DCDEF}.Ad-Hoc|x64.ActiveCfg = Release|Any CPU
		{4A2E2E0E-7004-41A6-8993-87B5E64DCDEF}.Ad-Hoc|x64.Build.0 = Release|Any CPU
		{4A2E2E0E-7004-41A6-8993-87B5E64DCDEF}.Ad-Hoc|x64.Deploy.0 = Release|Any CPU
		{4A2E2E0E-7004-41A6-8993-87B5E64DCDEF}.Ad-Hoc|x86.ActiveCfg = Release|Any CPU
		{4A2E2E0E-7004-41A6-8993-87B5E64DCDEF}.Ad-Hoc|x86.Build.0 = Release|Any CPU
		{4A2E2E0E-7004-41A6-8993-87B5E64DCDEF}.Ad-Hoc|x86.Deploy.0 = Release|Any CPU
		{4A2E2E0E-7004-41A6-8993-87B5E64DCDEF}.AppStore|Any CPU.ActiveCfg = Release|Any CPU
		{4A2E2E0E-7004-41A6-8993-87B5E64DCDEF}.AppStore|Any CPU.Build.0 = Release|Any CPU
		{4A2E2E0E-7004-41A6-8993-87B5E64DCDEF}.AppStore|Any CPU.Deploy.0 = Release|Any CPU
		{4A2E2E0E-7004-41A6-8993-87B5E64DCDEF}.AppStore|ARM.ActiveCfg = Release|Any CPU
		{4A2E2E0E-7004-41A6-8993-87B5E64DCDEF}.AppStore|ARM.Build.0 = Release|Any CPU
		{4A2E2E0E-7004-41A6-8993-87B5E64DCDEF}.AppStore|ARM.Deploy.0 = Release|Any CPU
		{4A2E2E0E-7004-41A6-8993-87B5E64DCDEF}.AppStore|iPhone.ActiveCfg = Release|Any CPU
		{4A2E2E0E-7004-41A6-8993-87B5E64DCDEF}.AppStore|iPhone.Build.0 = Release|Any CPU
		{4A2E2E0E-7004-41A6-8993-87B5E64DCDEF}.AppStore|iPhone.Deploy.0 = Release|Any CPU
		{4A2E2E0E-7004-41A6-8993-87B5E64DCDEF}.AppStore|iPhoneSimulator.ActiveCfg = Release|Any CPU
		{4A2E2E0E-7004-41A6-8993-87B5E64DCDEF}.AppStore|iPhoneSimulator.Build.0 = Release|Any CPU
		{4A2E2E0E-7004-41A6-8993-87B5E64DCDEF}.AppStore|iPhoneSimulator.Deploy.0 = Release|Any CPU
		{4A2E2E0E-7004-41A6-8993-87B5E64DCDEF}.AppStore|x64.ActiveCfg = Release|Any CPU
		{4A2E2E0E-7004-41A6-8993-87B5E64DCDEF}.AppStore|x64.Build.0 = Release|Any CPU
		{4A2E2E0E-7004-41A6-8993-87B5E64DCDEF}.AppStore|x64.Deploy.0 = Release|Any CPU
		{4A2E2E0E-7004-41A6-8993-87B5E64DCDEF}.AppStore|x86.ActiveCfg = Release|Any CPU
		{4A2E2E0E-7004-41A6-8993-87B5E64DCDEF}.AppStore|x86.Build.0 = Release|Any CPU
		{4A2E2E0E-7004-41A6-8993-87B5E64DCDEF}.AppStore|x86.Deploy.0 = Release|Any CPU
		{4A2E2E0E-7004-41A6-8993-87B5E64DCDEF}.Debug|Any CPU.ActiveCfg = Debug|Any CPU
		{4A2E2E0E-7004-41A6-8993-87B5E64DCDEF}.Debug|Any CPU.Build.0 = Debug|Any CPU
		{4A2E2E0E-7004-41A6-8993-87B5E64DCDEF}.Debug|Any CPU.Deploy.0 = Debug|Any CPU
		{4A2E2E0E-7004-41A6-8993-87B5E64DCDEF}.Debug|ARM.ActiveCfg = Debug|Any CPU
		{4A2E2E0E-7004-41A6-8993-87B5E64DCDEF}.Debug|ARM.Build.0 = Debug|Any CPU
		{4A2E2E0E-7004-41A6-8993-87B5E64DCDEF}.Debug|ARM.Deploy.0 = Debug|Any CPU
		{4A2E2E0E-7004-41A6-8993-87B5E64DCDEF}.Debug|iPhone.ActiveCfg = Debug|Any CPU
		{4A2E2E0E-7004-41A6-8993-87B5E64DCDEF}.Debug|iPhone.Build.0 = Debug|Any CPU
		{4A2E2E0E-7004-41A6-8993-87B5E64DCDEF}.Debug|iPhone.Deploy.0 = Debug|Any CPU
		{4A2E2E0E-7004-41A6-8993-87B5E64DCDEF}.Debug|iPhoneSimulator.ActiveCfg = Debug|Any CPU
		{4A2E2E0E-7004-41A6-8993-87B5E64DCDEF}.Debug|iPhoneSimulator.Build.0 = Debug|Any CPU
		{4A2E2E0E-7004-41A6-8993-87B5E64DCDEF}.Debug|iPhoneSimulator.Deploy.0 = Debug|Any CPU
		{4A2E2E0E-7004-41A6-8993-87B5E64DCDEF}.Debug|x64.ActiveCfg = Debug|Any CPU
		{4A2E2E0E-7004-41A6-8993-87B5E64DCDEF}.Debug|x64.Build.0 = Debug|Any CPU
		{4A2E2E0E-7004-41A6-8993-87B5E64DCDEF}.Debug|x64.Deploy.0 = Debug|Any CPU
		{4A2E2E0E-7004-41A6-8993-87B5E64DCDEF}.Debug|x86.ActiveCfg = Debug|Any CPU
		{4A2E2E0E-7004-41A6-8993-87B5E64DCDEF}.Debug|x86.Build.0 = Debug|Any CPU
		{4A2E2E0E-7004-41A6-8993-87B5E64DCDEF}.Debug|x86.Deploy.0 = Debug|Any CPU
		{4A2E2E0E-7004-41A6-8993-87B5E64DCDEF}.Release|Any CPU.ActiveCfg = Release|Any CPU
		{4A2E2E0E-7004-41A6-8993-87B5E64DCDEF}.Release|Any CPU.Build.0 = Release|Any CPU
		{4A2E2E0E-7004-41A6-8993-87B5E64DCDEF}.Release|Any CPU.Deploy.0 = Release|Any CPU
		{4A2E2E0E-7004-41A6-8993-87B5E64DCDEF}.Release|ARM.ActiveCfg = Release|Any CPU
		{4A2E2E0E-7004-41A6-8993-87B5E64DCDEF}.Release|ARM.Build.0 = Release|Any CPU
		{4A2E2E0E-7004-41A6-8993-87B5E64DCDEF}.Release|ARM.Deploy.0 = Release|Any CPU
		{4A2E2E0E-7004-41A6-8993-87B5E64DCDEF}.Release|iPhone.ActiveCfg = Release|Any CPU
		{4A2E2E0E-7004-41A6-8993-87B5E64DCDEF}.Release|iPhone.Build.0 = Release|Any CPU
		{4A2E2E0E-7004-41A6-8993-87B5E64DCDEF}.Release|iPhone.Deploy.0 = Release|Any CPU
		{4A2E2E0E-7004-41A6-8993-87B5E64DCDEF}.Release|iPhoneSimulator.ActiveCfg = Release|Any CPU
		{4A2E2E0E-7004-41A6-8993-87B5E64DCDEF}.Release|iPhoneSimulator.Build.0 = Release|Any CPU
		{4A2E2E0E-7004-41A6-8993-87B5E64DCDEF}.Release|iPhoneSimulator.Deploy.0 = Release|Any CPU
		{4A2E2E0E-7004-41A6-8993-87B5E64DCDEF}.Release|x64.ActiveCfg = Release|Any CPU
		{4A2E2E0E-7004-41A6-8993-87B5E64DCDEF}.Release|x64.Build.0 = Release|Any CPU
		{4A2E2E0E-7004-41A6-8993-87B5E64DCDEF}.Release|x64.Deploy.0 = Release|Any CPU
		{4A2E2E0E-7004-41A6-8993-87B5E64DCDEF}.Release|x86.ActiveCfg = Release|Any CPU
		{4A2E2E0E-7004-41A6-8993-87B5E64DCDEF}.Release|x86.Build.0 = Release|Any CPU
		{4A2E2E0E-7004-41A6-8993-87B5E64DCDEF}.Release|x86.Deploy.0 = Release|Any CPU
		{3828FD5A-A369-4543-BCE3-5F21A78B30E3}.Ad-Hoc|Any CPU.ActiveCfg = Ad-Hoc|iPhone
		{3828FD5A-A369-4543-BCE3-5F21A78B30E3}.Ad-Hoc|ARM.ActiveCfg = Ad-Hoc|iPhone
		{3828FD5A-A369-4543-BCE3-5F21A78B30E3}.Ad-Hoc|iPhone.ActiveCfg = Ad-Hoc|iPhone
		{3828FD5A-A369-4543-BCE3-5F21A78B30E3}.Ad-Hoc|iPhone.Build.0 = Ad-Hoc|iPhone
		{3828FD5A-A369-4543-BCE3-5F21A78B30E3}.Ad-Hoc|iPhoneSimulator.ActiveCfg = Ad-Hoc|iPhoneSimulator
		{3828FD5A-A369-4543-BCE3-5F21A78B30E3}.Ad-Hoc|iPhoneSimulator.Build.0 = Ad-Hoc|iPhoneSimulator
		{3828FD5A-A369-4543-BCE3-5F21A78B30E3}.Ad-Hoc|x64.ActiveCfg = Ad-Hoc|iPhone
		{3828FD5A-A369-4543-BCE3-5F21A78B30E3}.Ad-Hoc|x86.ActiveCfg = Ad-Hoc|iPhone
		{3828FD5A-A369-4543-BCE3-5F21A78B30E3}.AppStore|Any CPU.ActiveCfg = AppStore|iPhone
		{3828FD5A-A369-4543-BCE3-5F21A78B30E3}.AppStore|ARM.ActiveCfg = AppStore|iPhone
		{3828FD5A-A369-4543-BCE3-5F21A78B30E3}.AppStore|iPhone.ActiveCfg = AppStore|iPhone
		{3828FD5A-A369-4543-BCE3-5F21A78B30E3}.AppStore|iPhone.Build.0 = AppStore|iPhone
		{3828FD5A-A369-4543-BCE3-5F21A78B30E3}.AppStore|iPhoneSimulator.ActiveCfg = AppStore|iPhoneSimulator
		{3828FD5A-A369-4543-BCE3-5F21A78B30E3}.AppStore|iPhoneSimulator.Build.0 = AppStore|iPhoneSimulator
		{3828FD5A-A369-4543-BCE3-5F21A78B30E3}.AppStore|x64.ActiveCfg = AppStore|iPhone
		{3828FD5A-A369-4543-BCE3-5F21A78B30E3}.AppStore|x86.ActiveCfg = AppStore|iPhone
		{3828FD5A-A369-4543-BCE3-5F21A78B30E3}.Debug|Any CPU.ActiveCfg = Debug|iPhone
		{3828FD5A-A369-4543-BCE3-5F21A78B30E3}.Debug|ARM.ActiveCfg = Debug|iPhone
		{3828FD5A-A369-4543-BCE3-5F21A78B30E3}.Debug|iPhone.ActiveCfg = Debug|iPhone
		{3828FD5A-A369-4543-BCE3-5F21A78B30E3}.Debug|iPhone.Build.0 = Debug|iPhone
		{3828FD5A-A369-4543-BCE3-5F21A78B30E3}.Debug|iPhoneSimulator.ActiveCfg = Debug|iPhoneSimulator
		{3828FD5A-A369-4543-BCE3-5F21A78B30E3}.Debug|iPhoneSimulator.Build.0 = Debug|iPhoneSimulator
		{3828FD5A-A369-4543-BCE3-5F21A78B30E3}.Debug|x64.ActiveCfg = Debug|iPhone
		{3828FD5A-A369-4543-BCE3-5F21A78B30E3}.Debug|x86.ActiveCfg = Debug|iPhone
		{3828FD5A-A369-4543-BCE3-5F21A78B30E3}.Release|Any CPU.ActiveCfg = Release|iPhone
		{3828FD5A-A369-4543-BCE3-5F21A78B30E3}.Release|ARM.ActiveCfg = Release|iPhone
		{3828FD5A-A369-4543-BCE3-5F21A78B30E3}.Release|iPhone.ActiveCfg = Release|iPhone
		{3828FD5A-A369-4543-BCE3-5F21A78B30E3}.Release|iPhone.Build.0 = Release|iPhone
		{3828FD5A-A369-4543-BCE3-5F21A78B30E3}.Release|iPhoneSimulator.ActiveCfg = Release|iPhoneSimulator
		{3828FD5A-A369-4543-BCE3-5F21A78B30E3}.Release|iPhoneSimulator.Build.0 = Release|iPhoneSimulator
		{3828FD5A-A369-4543-BCE3-5F21A78B30E3}.Release|x64.ActiveCfg = Release|iPhone
		{3828FD5A-A369-4543-BCE3-5F21A78B30E3}.Release|x86.ActiveCfg = Release|iPhone
		{BEF1F1FE-F1A2-4B4E-BC89-DC80ACFAAB89}.Ad-Hoc|Any CPU.ActiveCfg = Release|Any CPU
		{BEF1F1FE-F1A2-4B4E-BC89-DC80ACFAAB89}.Ad-Hoc|Any CPU.Build.0 = Release|Any CPU
		{BEF1F1FE-F1A2-4B4E-BC89-DC80ACFAAB89}.Ad-Hoc|Any CPU.Deploy.0 = Release|Any CPU
		{BEF1F1FE-F1A2-4B4E-BC89-DC80ACFAAB89}.Ad-Hoc|ARM.ActiveCfg = Release|ARM
		{BEF1F1FE-F1A2-4B4E-BC89-DC80ACFAAB89}.Ad-Hoc|ARM.Build.0 = Release|ARM
		{BEF1F1FE-F1A2-4B4E-BC89-DC80ACFAAB89}.Ad-Hoc|ARM.Deploy.0 = Release|ARM
		{BEF1F1FE-F1A2-4B4E-BC89-DC80ACFAAB89}.Ad-Hoc|iPhone.ActiveCfg = Release|Any CPU
		{BEF1F1FE-F1A2-4B4E-BC89-DC80ACFAAB89}.Ad-Hoc|iPhone.Build.0 = Release|Any CPU
		{BEF1F1FE-F1A2-4B4E-BC89-DC80ACFAAB89}.Ad-Hoc|iPhone.Deploy.0 = Release|Any CPU
		{BEF1F1FE-F1A2-4B4E-BC89-DC80ACFAAB89}.Ad-Hoc|iPhoneSimulator.ActiveCfg = Release|Any CPU
		{BEF1F1FE-F1A2-4B4E-BC89-DC80ACFAAB89}.Ad-Hoc|iPhoneSimulator.Build.0 = Release|Any CPU
		{BEF1F1FE-F1A2-4B4E-BC89-DC80ACFAAB89}.Ad-Hoc|iPhoneSimulator.Deploy.0 = Release|Any CPU
		{BEF1F1FE-F1A2-4B4E-BC89-DC80ACFAAB89}.Ad-Hoc|x64.ActiveCfg = Release|Any CPU
		{BEF1F1FE-F1A2-4B4E-BC89-DC80ACFAAB89}.Ad-Hoc|x64.Build.0 = Release|Any CPU
		{BEF1F1FE-F1A2-4B4E-BC89-DC80ACFAAB89}.Ad-Hoc|x64.Deploy.0 = Release|Any CPU
		{BEF1F1FE-F1A2-4B4E-BC89-DC80ACFAAB89}.Ad-Hoc|x86.ActiveCfg = Release|x86
		{BEF1F1FE-F1A2-4B4E-BC89-DC80ACFAAB89}.Ad-Hoc|x86.Build.0 = Release|x86
		{BEF1F1FE-F1A2-4B4E-BC89-DC80ACFAAB89}.Ad-Hoc|x86.Deploy.0 = Release|x86
		{BEF1F1FE-F1A2-4B4E-BC89-DC80ACFAAB89}.AppStore|Any CPU.ActiveCfg = Release|Any CPU
		{BEF1F1FE-F1A2-4B4E-BC89-DC80ACFAAB89}.AppStore|Any CPU.Build.0 = Release|Any CPU
		{BEF1F1FE-F1A2-4B4E-BC89-DC80ACFAAB89}.AppStore|Any CPU.Deploy.0 = Release|Any CPU
		{BEF1F1FE-F1A2-4B4E-BC89-DC80ACFAAB89}.AppStore|ARM.ActiveCfg = Release|ARM
		{BEF1F1FE-F1A2-4B4E-BC89-DC80ACFAAB89}.AppStore|ARM.Build.0 = Release|ARM
		{BEF1F1FE-F1A2-4B4E-BC89-DC80ACFAAB89}.AppStore|ARM.Deploy.0 = Release|ARM
		{BEF1F1FE-F1A2-4B4E-BC89-DC80ACFAAB89}.AppStore|iPhone.ActiveCfg = Release|Any CPU
		{BEF1F1FE-F1A2-4B4E-BC89-DC80ACFAAB89}.AppStore|iPhone.Build.0 = Release|Any CPU
		{BEF1F1FE-F1A2-4B4E-BC89-DC80ACFAAB89}.AppStore|iPhone.Deploy.0 = Release|Any CPU
		{BEF1F1FE-F1A2-4B4E-BC89-DC80ACFAAB89}.AppStore|iPhoneSimulator.ActiveCfg = Release|Any CPU
		{BEF1F1FE-F1A2-4B4E-BC89-DC80ACFAAB89}.AppStore|iPhoneSimulator.Build.0 = Release|Any CPU
		{BEF1F1FE-F1A2-4B4E-BC89-DC80ACFAAB89}.AppStore|iPhoneSimulator.Deploy.0 = Release|Any CPU
		{BEF1F1FE-F1A2-4B4E-BC89-DC80ACFAAB89}.AppStore|x64.ActiveCfg = Release|Any CPU
		{BEF1F1FE-F1A2-4B4E-BC89-DC80ACFAAB89}.AppStore|x64.Build.0 = Release|Any CPU
		{BEF1F1FE-F1A2-4B4E-BC89-DC80ACFAAB89}.AppStore|x64.Deploy.0 = Release|Any CPU
		{BEF1F1FE-F1A2-4B4E-BC89-DC80ACFAAB89}.AppStore|x86.ActiveCfg = Release|x86
		{BEF1F1FE-F1A2-4B4E-BC89-DC80ACFAAB89}.AppStore|x86.Build.0 = Release|x86
		{BEF1F1FE-F1A2-4B4E-BC89-DC80ACFAAB89}.AppStore|x86.Deploy.0 = Release|x86
		{BEF1F1FE-F1A2-4B4E-BC89-DC80ACFAAB89}.Debug|Any CPU.ActiveCfg = Debug|Any CPU
		{BEF1F1FE-F1A2-4B4E-BC89-DC80ACFAAB89}.Debug|Any CPU.Build.0 = Debug|Any CPU
		{BEF1F1FE-F1A2-4B4E-BC89-DC80ACFAAB89}.Debug|Any CPU.Deploy.0 = Debug|Any CPU
		{BEF1F1FE-F1A2-4B4E-BC89-DC80ACFAAB89}.Debug|ARM.ActiveCfg = Debug|ARM
		{BEF1F1FE-F1A2-4B4E-BC89-DC80ACFAAB89}.Debug|ARM.Build.0 = Debug|ARM
		{BEF1F1FE-F1A2-4B4E-BC89-DC80ACFAAB89}.Debug|ARM.Deploy.0 = Debug|ARM
		{BEF1F1FE-F1A2-4B4E-BC89-DC80ACFAAB89}.Debug|iPhone.ActiveCfg = Debug|Any CPU
		{BEF1F1FE-F1A2-4B4E-BC89-DC80ACFAAB89}.Debug|iPhone.Build.0 = Debug|Any CPU
		{BEF1F1FE-F1A2-4B4E-BC89-DC80ACFAAB89}.Debug|iPhone.Deploy.0 = Debug|Any CPU
		{BEF1F1FE-F1A2-4B4E-BC89-DC80ACFAAB89}.Debug|iPhoneSimulator.ActiveCfg = Debug|Any CPU
		{BEF1F1FE-F1A2-4B4E-BC89-DC80ACFAAB89}.Debug|iPhoneSimulator.Build.0 = Debug|Any CPU
		{BEF1F1FE-F1A2-4B4E-BC89-DC80ACFAAB89}.Debug|iPhoneSimulator.Deploy.0 = Debug|Any CPU
		{BEF1F1FE-F1A2-4B4E-BC89-DC80ACFAAB89}.Debug|x64.ActiveCfg = Debug|Any CPU
		{BEF1F1FE-F1A2-4B4E-BC89-DC80ACFAAB89}.Debug|x64.Build.0 = Debug|Any CPU
		{BEF1F1FE-F1A2-4B4E-BC89-DC80ACFAAB89}.Debug|x64.Deploy.0 = Debug|Any CPU
		{BEF1F1FE-F1A2-4B4E-BC89-DC80ACFAAB89}.Debug|x86.ActiveCfg = Debug|x86
		{BEF1F1FE-F1A2-4B4E-BC89-DC80ACFAAB89}.Debug|x86.Build.0 = Debug|x86
		{BEF1F1FE-F1A2-4B4E-BC89-DC80ACFAAB89}.Debug|x86.Deploy.0 = Debug|x86
		{BEF1F1FE-F1A2-4B4E-BC89-DC80ACFAAB89}.Release|Any CPU.ActiveCfg = Release|Any CPU
		{BEF1F1FE-F1A2-4B4E-BC89-DC80ACFAAB89}.Release|Any CPU.Build.0 = Release|Any CPU
		{BEF1F1FE-F1A2-4B4E-BC89-DC80ACFAAB89}.Release|Any CPU.Deploy.0 = Release|Any CPU
		{BEF1F1FE-F1A2-4B4E-BC89-DC80ACFAAB89}.Release|ARM.ActiveCfg = Release|ARM
		{BEF1F1FE-F1A2-4B4E-BC89-DC80ACFAAB89}.Release|ARM.Build.0 = Release|ARM
		{BEF1F1FE-F1A2-4B4E-BC89-DC80ACFAAB89}.Release|ARM.Deploy.0 = Release|ARM
		{BEF1F1FE-F1A2-4B4E-BC89-DC80ACFAAB89}.Release|iPhone.ActiveCfg = Release|Any CPU
		{BEF1F1FE-F1A2-4B4E-BC89-DC80ACFAAB89}.Release|iPhone.Build.0 = Release|Any CPU
		{BEF1F1FE-F1A2-4B4E-BC89-DC80ACFAAB89}.Release|iPhone.Deploy.0 = Release|Any CPU
		{BEF1F1FE-F1A2-4B4E-BC89-DC80ACFAAB89}.Release|iPhoneSimulator.ActiveCfg = Release|Any CPU
		{BEF1F1FE-F1A2-4B4E-BC89-DC80ACFAAB89}.Release|iPhoneSimulator.Build.0 = Release|Any CPU
		{BEF1F1FE-F1A2-4B4E-BC89-DC80ACFAAB89}.Release|iPhoneSimulator.Deploy.0 = Release|Any CPU
		{BEF1F1FE-F1A2-4B4E-BC89-DC80ACFAAB89}.Release|x64.ActiveCfg = Release|Any CPU
		{BEF1F1FE-F1A2-4B4E-BC89-DC80ACFAAB89}.Release|x64.Build.0 = Release|Any CPU
		{BEF1F1FE-F1A2-4B4E-BC89-DC80ACFAAB89}.Release|x64.Deploy.0 = Release|Any CPU
		{BEF1F1FE-F1A2-4B4E-BC89-DC80ACFAAB89}.Release|x86.ActiveCfg = Release|x86
		{BEF1F1FE-F1A2-4B4E-BC89-DC80ACFAAB89}.Release|x86.Build.0 = Release|x86
		{BEF1F1FE-F1A2-4B4E-BC89-DC80ACFAAB89}.Release|x86.Deploy.0 = Release|x86
		{92D5D4FE-B23C-4F2C-B577-D8F88ACC0E03}.Ad-Hoc|Any CPU.ActiveCfg = Release|x86
		{92D5D4FE-B23C-4F2C-B577-D8F88ACC0E03}.Ad-Hoc|Any CPU.Build.0 = Release|x86
		{92D5D4FE-B23C-4F2C-B577-D8F88ACC0E03}.Ad-Hoc|Any CPU.Deploy.0 = Release|x86
		{92D5D4FE-B23C-4F2C-B577-D8F88ACC0E03}.Ad-Hoc|ARM.ActiveCfg = Release|ARM
		{92D5D4FE-B23C-4F2C-B577-D8F88ACC0E03}.Ad-Hoc|ARM.Build.0 = Release|ARM
		{92D5D4FE-B23C-4F2C-B577-D8F88ACC0E03}.Ad-Hoc|ARM.Deploy.0 = Release|ARM
		{92D5D4FE-B23C-4F2C-B577-D8F88ACC0E03}.Ad-Hoc|iPhone.ActiveCfg = Release|x86
		{92D5D4FE-B23C-4F2C-B577-D8F88ACC0E03}.Ad-Hoc|iPhone.Build.0 = Release|x86
		{92D5D4FE-B23C-4F2C-B577-D8F88ACC0E03}.Ad-Hoc|iPhone.Deploy.0 = Release|x86
		{92D5D4FE-B23C-4F2C-B577-D8F88ACC0E03}.Ad-Hoc|iPhoneSimulator.ActiveCfg = Release|x86
		{92D5D4FE-B23C-4F2C-B577-D8F88ACC0E03}.Ad-Hoc|iPhoneSimulator.Build.0 = Release|x86
		{92D5D4FE-B23C-4F2C-B577-D8F88ACC0E03}.Ad-Hoc|iPhoneSimulator.Deploy.0 = Release|x86
		{92D5D4FE-B23C-4F2C-B577-D8F88ACC0E03}.Ad-Hoc|x64.ActiveCfg = Release|x64
		{92D5D4FE-B23C-4F2C-B577-D8F88ACC0E03}.Ad-Hoc|x64.Build.0 = Release|x64
		{92D5D4FE-B23C-4F2C-B577-D8F88ACC0E03}.Ad-Hoc|x64.Deploy.0 = Release|x64
		{92D5D4FE-B23C-4F2C-B577-D8F88ACC0E03}.Ad-Hoc|x86.ActiveCfg = Release|x86
		{92D5D4FE-B23C-4F2C-B577-D8F88ACC0E03}.Ad-Hoc|x86.Build.0 = Release|x86
		{92D5D4FE-B23C-4F2C-B577-D8F88ACC0E03}.Ad-Hoc|x86.Deploy.0 = Release|x86
		{92D5D4FE-B23C-4F2C-B577-D8F88ACC0E03}.AppStore|Any CPU.ActiveCfg = Release|x86
		{92D5D4FE-B23C-4F2C-B577-D8F88ACC0E03}.AppStore|Any CPU.Build.0 = Release|x86
		{92D5D4FE-B23C-4F2C-B577-D8F88ACC0E03}.AppStore|Any CPU.Deploy.0 = Release|x86
		{92D5D4FE-B23C-4F2C-B577-D8F88ACC0E03}.AppStore|ARM.ActiveCfg = Release|ARM
		{92D5D4FE-B23C-4F2C-B577-D8F88ACC0E03}.AppStore|ARM.Build.0 = Release|ARM
		{92D5D4FE-B23C-4F2C-B577-D8F88ACC0E03}.AppStore|ARM.Deploy.0 = Release|ARM
		{92D5D4FE-B23C-4F2C-B577-D8F88ACC0E03}.AppStore|iPhone.ActiveCfg = Release|x86
		{92D5D4FE-B23C-4F2C-B577-D8F88ACC0E03}.AppStore|iPhone.Build.0 = Release|x86
		{92D5D4FE-B23C-4F2C-B577-D8F88ACC0E03}.AppStore|iPhone.Deploy.0 = Release|x86
		{92D5D4FE-B23C-4F2C-B577-D8F88ACC0E03}.AppStore|iPhoneSimulator.ActiveCfg = Release|x86
		{92D5D4FE-B23C-4F2C-B577-D8F88ACC0E03}.AppStore|iPhoneSimulator.Build.0 = Release|x86
		{92D5D4FE-B23C-4F2C-B577-D8F88ACC0E03}.AppStore|iPhoneSimulator.Deploy.0 = Release|x86
		{92D5D4FE-B23C-4F2C-B577-D8F88ACC0E03}.AppStore|x64.ActiveCfg = Release|x64
		{92D5D4FE-B23C-4F2C-B577-D8F88ACC0E03}.AppStore|x64.Build.0 = Release|x64
		{92D5D4FE-B23C-4F2C-B577-D8F88ACC0E03}.AppStore|x64.Deploy.0 = Release|x64
		{92D5D4FE-B23C-4F2C-B577-D8F88ACC0E03}.AppStore|x86.ActiveCfg = Release|x86
		{92D5D4FE-B23C-4F2C-B577-D8F88ACC0E03}.AppStore|x86.Build.0 = Release|x86
		{92D5D4FE-B23C-4F2C-B577-D8F88ACC0E03}.AppStore|x86.Deploy.0 = Release|x86
		{92D5D4FE-B23C-4F2C-B577-D8F88ACC0E03}.Debug|Any CPU.ActiveCfg = Debug|x86
		{92D5D4FE-B23C-4F2C-B577-D8F88ACC0E03}.Debug|ARM.ActiveCfg = Debug|ARM
		{92D5D4FE-B23C-4F2C-B577-D8F88ACC0E03}.Debug|ARM.Build.0 = Debug|ARM
		{92D5D4FE-B23C-4F2C-B577-D8F88ACC0E03}.Debug|ARM.Deploy.0 = Debug|ARM
		{92D5D4FE-B23C-4F2C-B577-D8F88ACC0E03}.Debug|iPhone.ActiveCfg = Debug|x86
		{92D5D4FE-B23C-4F2C-B577-D8F88ACC0E03}.Debug|iPhoneSimulator.ActiveCfg = Debug|x86
		{92D5D4FE-B23C-4F2C-B577-D8F88ACC0E03}.Debug|x64.ActiveCfg = Debug|x64
		{92D5D4FE-B23C-4F2C-B577-D8F88ACC0E03}.Debug|x64.Build.0 = Debug|x64
		{92D5D4FE-B23C-4F2C-B577-D8F88ACC0E03}.Debug|x64.Deploy.0 = Debug|x64
		{92D5D4FE-B23C-4F2C-B577-D8F88ACC0E03}.Debug|x86.ActiveCfg = Debug|x86
		{92D5D4FE-B23C-4F2C-B577-D8F88ACC0E03}.Debug|x86.Build.0 = Debug|x86
		{92D5D4FE-B23C-4F2C-B577-D8F88ACC0E03}.Debug|x86.Deploy.0 = Debug|x86
		{92D5D4FE-B23C-4F2C-B577-D8F88ACC0E03}.Release|Any CPU.ActiveCfg = Release|x86
		{92D5D4FE-B23C-4F2C-B577-D8F88ACC0E03}.Release|ARM.ActiveCfg = Release|ARM
		{92D5D4FE-B23C-4F2C-B577-D8F88ACC0E03}.Release|ARM.Build.0 = Release|ARM
		{92D5D4FE-B23C-4F2C-B577-D8F88ACC0E03}.Release|ARM.Deploy.0 = Release|ARM
		{92D5D4FE-B23C-4F2C-B577-D8F88ACC0E03}.Release|iPhone.ActiveCfg = Release|x86
		{92D5D4FE-B23C-4F2C-B577-D8F88ACC0E03}.Release|iPhoneSimulator.ActiveCfg = Release|x86
		{92D5D4FE-B23C-4F2C-B577-D8F88ACC0E03}.Release|x64.ActiveCfg = Release|x64
		{92D5D4FE-B23C-4F2C-B577-D8F88ACC0E03}.Release|x64.Build.0 = Release|x64
		{92D5D4FE-B23C-4F2C-B577-D8F88ACC0E03}.Release|x64.Deploy.0 = Release|x64
		{92D5D4FE-B23C-4F2C-B577-D8F88ACC0E03}.Release|x86.ActiveCfg = Release|x86
		{92D5D4FE-B23C-4F2C-B577-D8F88ACC0E03}.Release|x86.Build.0 = Release|x86
		{92D5D4FE-B23C-4F2C-B577-D8F88ACC0E03}.Release|x86.Deploy.0 = Release|x86
		{49D9BBDF-35C4-43C4-8864-2FF6B09897A4}.Ad-Hoc|Any CPU.ActiveCfg = Release|Any CPU
		{49D9BBDF-35C4-43C4-8864-2FF6B09897A4}.Ad-Hoc|Any CPU.Build.0 = Release|Any CPU
		{49D9BBDF-35C4-43C4-8864-2FF6B09897A4}.Ad-Hoc|Any CPU.Deploy.0 = Release|Any CPU
		{49D9BBDF-35C4-43C4-8864-2FF6B09897A4}.Ad-Hoc|ARM.ActiveCfg = Release|ARM
		{49D9BBDF-35C4-43C4-8864-2FF6B09897A4}.Ad-Hoc|ARM.Build.0 = Release|ARM
		{49D9BBDF-35C4-43C4-8864-2FF6B09897A4}.Ad-Hoc|ARM.Deploy.0 = Release|ARM
		{49D9BBDF-35C4-43C4-8864-2FF6B09897A4}.Ad-Hoc|iPhone.ActiveCfg = Release|Any CPU
		{49D9BBDF-35C4-43C4-8864-2FF6B09897A4}.Ad-Hoc|iPhone.Build.0 = Release|Any CPU
		{49D9BBDF-35C4-43C4-8864-2FF6B09897A4}.Ad-Hoc|iPhone.Deploy.0 = Release|Any CPU
		{49D9BBDF-35C4-43C4-8864-2FF6B09897A4}.Ad-Hoc|iPhoneSimulator.ActiveCfg = Release|Any CPU
		{49D9BBDF-35C4-43C4-8864-2FF6B09897A4}.Ad-Hoc|iPhoneSimulator.Build.0 = Release|Any CPU
		{49D9BBDF-35C4-43C4-8864-2FF6B09897A4}.Ad-Hoc|iPhoneSimulator.Deploy.0 = Release|Any CPU
		{49D9BBDF-35C4-43C4-8864-2FF6B09897A4}.Ad-Hoc|x64.ActiveCfg = Release|x64
		{49D9BBDF-35C4-43C4-8864-2FF6B09897A4}.Ad-Hoc|x64.Build.0 = Release|x64
		{49D9BBDF-35C4-43C4-8864-2FF6B09897A4}.Ad-Hoc|x64.Deploy.0 = Release|x64
		{49D9BBDF-35C4-43C4-8864-2FF6B09897A4}.Ad-Hoc|x86.ActiveCfg = Release|x86
		{49D9BBDF-35C4-43C4-8864-2FF6B09897A4}.Ad-Hoc|x86.Build.0 = Release|x86
		{49D9BBDF-35C4-43C4-8864-2FF6B09897A4}.Ad-Hoc|x86.Deploy.0 = Release|x86
		{49D9BBDF-35C4-43C4-8864-2FF6B09897A4}.AppStore|Any CPU.ActiveCfg = Release|Any CPU
		{49D9BBDF-35C4-43C4-8864-2FF6B09897A4}.AppStore|Any CPU.Build.0 = Release|Any CPU
		{49D9BBDF-35C4-43C4-8864-2FF6B09897A4}.AppStore|Any CPU.Deploy.0 = Release|Any CPU
		{49D9BBDF-35C4-43C4-8864-2FF6B09897A4}.AppStore|ARM.ActiveCfg = Release|ARM
		{49D9BBDF-35C4-43C4-8864-2FF6B09897A4}.AppStore|ARM.Build.0 = Release|ARM
		{49D9BBDF-35C4-43C4-8864-2FF6B09897A4}.AppStore|ARM.Deploy.0 = Release|ARM
		{49D9BBDF-35C4-43C4-8864-2FF6B09897A4}.AppStore|iPhone.ActiveCfg = Release|Any CPU
		{49D9BBDF-35C4-43C4-8864-2FF6B09897A4}.AppStore|iPhone.Build.0 = Release|Any CPU
		{49D9BBDF-35C4-43C4-8864-2FF6B09897A4}.AppStore|iPhone.Deploy.0 = Release|Any CPU
		{49D9BBDF-35C4-43C4-8864-2FF6B09897A4}.AppStore|iPhoneSimulator.ActiveCfg = Release|Any CPU
		{49D9BBDF-35C4-43C4-8864-2FF6B09897A4}.AppStore|iPhoneSimulator.Build.0 = Release|Any CPU
		{49D9BBDF-35C4-43C4-8864-2FF6B09897A4}.AppStore|iPhoneSimulator.Deploy.0 = Release|Any CPU
		{49D9BBDF-35C4-43C4-8864-2FF6B09897A4}.AppStore|x64.ActiveCfg = Release|x64
		{49D9BBDF-35C4-43C4-8864-2FF6B09897A4}.AppStore|x64.Build.0 = Release|x64
		{49D9BBDF-35C4-43C4-8864-2FF6B09897A4}.AppStore|x64.Deploy.0 = Release|x64
		{49D9BBDF-35C4-43C4-8864-2FF6B09897A4}.AppStore|x86.ActiveCfg = Release|x86
		{49D9BBDF-35C4-43C4-8864-2FF6B09897A4}.AppStore|x86.Build.0 = Release|x86
		{49D9BBDF-35C4-43C4-8864-2FF6B09897A4}.AppStore|x86.Deploy.0 = Release|x86
		{49D9BBDF-35C4-43C4-8864-2FF6B09897A4}.Debug|Any CPU.ActiveCfg = Debug|Any CPU
		{49D9BBDF-35C4-43C4-8864-2FF6B09897A4}.Debug|Any CPU.Build.0 = Debug|Any CPU
		{49D9BBDF-35C4-43C4-8864-2FF6B09897A4}.Debug|Any CPU.Deploy.0 = Debug|Any CPU
		{49D9BBDF-35C4-43C4-8864-2FF6B09897A4}.Debug|ARM.ActiveCfg = Debug|ARM
		{49D9BBDF-35C4-43C4-8864-2FF6B09897A4}.Debug|ARM.Build.0 = Debug|ARM
		{49D9BBDF-35C4-43C4-8864-2FF6B09897A4}.Debug|ARM.Deploy.0 = Debug|ARM
		{49D9BBDF-35C4-43C4-8864-2FF6B09897A4}.Debug|iPhone.ActiveCfg = Debug|Any CPU
		{49D9BBDF-35C4-43C4-8864-2FF6B09897A4}.Debug|iPhone.Build.0 = Debug|Any CPU
		{49D9BBDF-35C4-43C4-8864-2FF6B09897A4}.Debug|iPhone.Deploy.0 = Debug|Any CPU
		{49D9BBDF-35C4-43C4-8864-2FF6B09897A4}.Debug|iPhoneSimulator.ActiveCfg = Debug|Any CPU
		{49D9BBDF-35C4-43C4-8864-2FF6B09897A4}.Debug|iPhoneSimulator.Build.0 = Debug|Any CPU
		{49D9BBDF-35C4-43C4-8864-2FF6B09897A4}.Debug|iPhoneSimulator.Deploy.0 = Debug|Any CPU
		{49D9BBDF-35C4-43C4-8864-2FF6B09897A4}.Debug|x64.ActiveCfg = Debug|x64
		{49D9BBDF-35C4-43C4-8864-2FF6B09897A4}.Debug|x64.Build.0 = Debug|x64
		{49D9BBDF-35C4-43C4-8864-2FF6B09897A4}.Debug|x64.Deploy.0 = Debug|x64
		{49D9BBDF-35C4-43C4-8864-2FF6B09897A4}.Debug|x86.ActiveCfg = Debug|x86
		{49D9BBDF-35C4-43C4-8864-2FF6B09897A4}.Debug|x86.Build.0 = Debug|x86
		{49D9BBDF-35C4-43C4-8864-2FF6B09897A4}.Debug|x86.Deploy.0 = Debug|x86
		{49D9BBDF-35C4-43C4-8864-2FF6B09897A4}.Release|Any CPU.ActiveCfg = Release|Any CPU
		{49D9BBDF-35C4-43C4-8864-2FF6B09897A4}.Release|Any CPU.Build.0 = Release|Any CPU
		{49D9BBDF-35C4-43C4-8864-2FF6B09897A4}.Release|Any CPU.Deploy.0 = Release|Any CPU
		{49D9BBDF-35C4-43C4-8864-2FF6B09897A4}.Release|ARM.ActiveCfg = Release|ARM
		{49D9BBDF-35C4-43C4-8864-2FF6B09897A4}.Release|ARM.Build.0 = Release|ARM
		{49D9BBDF-35C4-43C4-8864-2FF6B09897A4}.Release|ARM.Deploy.0 = Release|ARM
		{49D9BBDF-35C4-43C4-8864-2FF6B09897A4}.Release|iPhone.ActiveCfg = Release|Any CPU
		{49D9BBDF-35C4-43C4-8864-2FF6B09897A4}.Release|iPhone.Build.0 = Release|Any CPU
		{49D9BBDF-35C4-43C4-8864-2FF6B09897A4}.Release|iPhone.Deploy.0 = Release|Any CPU
		{49D9BBDF-35C4-43C4-8864-2FF6B09897A4}.Release|iPhoneSimulator.ActiveCfg = Release|Any CPU
		{49D9BBDF-35C4-43C4-8864-2FF6B09897A4}.Release|iPhoneSimulator.Build.0 = Release|Any CPU
		{49D9BBDF-35C4-43C4-8864-2FF6B09897A4}.Release|iPhoneSimulator.Deploy.0 = Release|Any CPU
		{49D9BBDF-35C4-43C4-8864-2FF6B09897A4}.Release|x64.ActiveCfg = Release|x64
		{49D9BBDF-35C4-43C4-8864-2FF6B09897A4}.Release|x64.Build.0 = Release|x64
		{49D9BBDF-35C4-43C4-8864-2FF6B09897A4}.Release|x64.Deploy.0 = Release|x64
		{49D9BBDF-35C4-43C4-8864-2FF6B09897A4}.Release|x86.ActiveCfg = Release|x86
		{49D9BBDF-35C4-43C4-8864-2FF6B09897A4}.Release|x86.Build.0 = Release|x86
		{49D9BBDF-35C4-43C4-8864-2FF6B09897A4}.Release|x86.Deploy.0 = Release|x86
		{2578DE27-69FB-4D0E-881A-4F45B789EEFB}.Ad-Hoc|Any CPU.ActiveCfg = Release|Any CPU
		{2578DE27-69FB-4D0E-881A-4F45B789EEFB}.Ad-Hoc|Any CPU.Build.0 = Release|Any CPU
		{2578DE27-69FB-4D0E-881A-4F45B789EEFB}.Ad-Hoc|ARM.ActiveCfg = Release|Any CPU
		{2578DE27-69FB-4D0E-881A-4F45B789EEFB}.Ad-Hoc|ARM.Build.0 = Release|Any CPU
		{2578DE27-69FB-4D0E-881A-4F45B789EEFB}.Ad-Hoc|iPhone.ActiveCfg = Release|Any CPU
		{2578DE27-69FB-4D0E-881A-4F45B789EEFB}.Ad-Hoc|iPhone.Build.0 = Release|Any CPU
		{2578DE27-69FB-4D0E-881A-4F45B789EEFB}.Ad-Hoc|iPhoneSimulator.ActiveCfg = Release|Any CPU
		{2578DE27-69FB-4D0E-881A-4F45B789EEFB}.Ad-Hoc|iPhoneSimulator.Build.0 = Release|Any CPU
		{2578DE27-69FB-4D0E-881A-4F45B789EEFB}.Ad-Hoc|x64.ActiveCfg = Release|Any CPU
		{2578DE27-69FB-4D0E-881A-4F45B789EEFB}.Ad-Hoc|x64.Build.0 = Release|Any CPU
		{2578DE27-69FB-4D0E-881A-4F45B789EEFB}.Ad-Hoc|x86.ActiveCfg = Release|Any CPU
		{2578DE27-69FB-4D0E-881A-4F45B789EEFB}.Ad-Hoc|x86.Build.0 = Release|Any CPU
		{2578DE27-69FB-4D0E-881A-4F45B789EEFB}.AppStore|Any CPU.ActiveCfg = Release|Any CPU
		{2578DE27-69FB-4D0E-881A-4F45B789EEFB}.AppStore|Any CPU.Build.0 = Release|Any CPU
		{2578DE27-69FB-4D0E-881A-4F45B789EEFB}.AppStore|ARM.ActiveCfg = Release|Any CPU
		{2578DE27-69FB-4D0E-881A-4F45B789EEFB}.AppStore|ARM.Build.0 = Release|Any CPU
		{2578DE27-69FB-4D0E-881A-4F45B789EEFB}.AppStore|iPhone.ActiveCfg = Release|Any CPU
		{2578DE27-69FB-4D0E-881A-4F45B789EEFB}.AppStore|iPhone.Build.0 = Release|Any CPU
		{2578DE27-69FB-4D0E-881A-4F45B789EEFB}.AppStore|iPhoneSimulator.ActiveCfg = Release|Any CPU
		{2578DE27-69FB-4D0E-881A-4F45B789EEFB}.AppStore|iPhoneSimulator.Build.0 = Release|Any CPU
		{2578DE27-69FB-4D0E-881A-4F45B789EEFB}.AppStore|x64.ActiveCfg = Release|Any CPU
		{2578DE27-69FB-4D0E-881A-4F45B789EEFB}.AppStore|x64.Build.0 = Release|Any CPU
		{2578DE27-69FB-4D0E-881A-4F45B789EEFB}.AppStore|x86.ActiveCfg = Release|Any CPU
		{2578DE27-69FB-4D0E-881A-4F45B789EEFB}.AppStore|x86.Build.0 = Release|Any CPU
		{2578DE27-69FB-4D0E-881A-4F45B789EEFB}.Debug|Any CPU.ActiveCfg = Debug|Any CPU
		{2578DE27-69FB-4D0E-881A-4F45B789EEFB}.Debug|Any CPU.Build.0 = Debug|Any CPU
		{2578DE27-69FB-4D0E-881A-4F45B789EEFB}.Debug|ARM.ActiveCfg = Debug|Any CPU
		{2578DE27-69FB-4D0E-881A-4F45B789EEFB}.Debug|ARM.Build.0 = Debug|Any CPU
		{2578DE27-69FB-4D0E-881A-4F45B789EEFB}.Debug|iPhone.ActiveCfg = Debug|Any CPU
		{2578DE27-69FB-4D0E-881A-4F45B789EEFB}.Debug|iPhone.Build.0 = Debug|Any CPU
		{2578DE27-69FB-4D0E-881A-4F45B789EEFB}.Debug|iPhoneSimulator.ActiveCfg = Debug|Any CPU
		{2578DE27-69FB-4D0E-881A-4F45B789EEFB}.Debug|iPhoneSimulator.Build.0 = Debug|Any CPU
		{2578DE27-69FB-4D0E-881A-4F45B789EEFB}.Debug|x64.ActiveCfg = Debug|Any CPU
		{2578DE27-69FB-4D0E-881A-4F45B789EEFB}.Debug|x64.Build.0 = Debug|Any CPU
		{2578DE27-69FB-4D0E-881A-4F45B789EEFB}.Debug|x86.ActiveCfg = Debug|Any CPU
		{2578DE27-69FB-4D0E-881A-4F45B789EEFB}.Debug|x86.Build.0 = Debug|Any CPU
		{2578DE27-69FB-4D0E-881A-4F45B789EEFB}.Release|Any CPU.ActiveCfg = Release|Any CPU
		{2578DE27-69FB-4D0E-881A-4F45B789EEFB}.Release|Any CPU.Build.0 = Release|Any CPU
		{2578DE27-69FB-4D0E-881A-4F45B789EEFB}.Release|ARM.ActiveCfg = Release|Any CPU
		{2578DE27-69FB-4D0E-881A-4F45B789EEFB}.Release|ARM.Build.0 = Release|Any CPU
		{2578DE27-69FB-4D0E-881A-4F45B789EEFB}.Release|iPhone.ActiveCfg = Release|Any CPU
		{2578DE27-69FB-4D0E-881A-4F45B789EEFB}.Release|iPhone.Build.0 = Release|Any CPU
		{2578DE27-69FB-4D0E-881A-4F45B789EEFB}.Release|iPhoneSimulator.ActiveCfg = Release|Any CPU
		{2578DE27-69FB-4D0E-881A-4F45B789EEFB}.Release|iPhoneSimulator.Build.0 = Release|Any CPU
		{2578DE27-69FB-4D0E-881A-4F45B789EEFB}.Release|x64.ActiveCfg = Release|Any CPU
		{2578DE27-69FB-4D0E-881A-4F45B789EEFB}.Release|x64.Build.0 = Release|Any CPU
		{2578DE27-69FB-4D0E-881A-4F45B789EEFB}.Release|x86.ActiveCfg = Release|Any CPU
		{2578DE27-69FB-4D0E-881A-4F45B789EEFB}.Release|x86.Build.0 = Release|Any CPU
		{67F9D3A8-F71E-4428-913F-C37AE82CDB24}.Ad-Hoc|Any CPU.ActiveCfg = Release|Any CPU
		{67F9D3A8-F71E-4428-913F-C37AE82CDB24}.Ad-Hoc|Any CPU.Build.0 = Release|Any CPU
		{67F9D3A8-F71E-4428-913F-C37AE82CDB24}.Ad-Hoc|ARM.ActiveCfg = Release|Any CPU
		{67F9D3A8-F71E-4428-913F-C37AE82CDB24}.Ad-Hoc|ARM.Build.0 = Release|Any CPU
		{67F9D3A8-F71E-4428-913F-C37AE82CDB24}.Ad-Hoc|iPhone.ActiveCfg = Release|Any CPU
		{67F9D3A8-F71E-4428-913F-C37AE82CDB24}.Ad-Hoc|iPhone.Build.0 = Release|Any CPU
		{67F9D3A8-F71E-4428-913F-C37AE82CDB24}.Ad-Hoc|iPhoneSimulator.ActiveCfg = Release|Any CPU
		{67F9D3A8-F71E-4428-913F-C37AE82CDB24}.Ad-Hoc|iPhoneSimulator.Build.0 = Release|Any CPU
		{67F9D3A8-F71E-4428-913F-C37AE82CDB24}.Ad-Hoc|x64.ActiveCfg = Release|Any CPU
		{67F9D3A8-F71E-4428-913F-C37AE82CDB24}.Ad-Hoc|x64.Build.0 = Release|Any CPU
		{67F9D3A8-F71E-4428-913F-C37AE82CDB24}.Ad-Hoc|x86.ActiveCfg = Release|Any CPU
		{67F9D3A8-F71E-4428-913F-C37AE82CDB24}.Ad-Hoc|x86.Build.0 = Release|Any CPU
		{67F9D3A8-F71E-4428-913F-C37AE82CDB24}.AppStore|Any CPU.ActiveCfg = Release|Any CPU
		{67F9D3A8-F71E-4428-913F-C37AE82CDB24}.AppStore|Any CPU.Build.0 = Release|Any CPU
		{67F9D3A8-F71E-4428-913F-C37AE82CDB24}.AppStore|ARM.ActiveCfg = Release|Any CPU
		{67F9D3A8-F71E-4428-913F-C37AE82CDB24}.AppStore|ARM.Build.0 = Release|Any CPU
		{67F9D3A8-F71E-4428-913F-C37AE82CDB24}.AppStore|iPhone.ActiveCfg = Release|Any CPU
		{67F9D3A8-F71E-4428-913F-C37AE82CDB24}.AppStore|iPhone.Build.0 = Release|Any CPU
		{67F9D3A8-F71E-4428-913F-C37AE82CDB24}.AppStore|iPhoneSimulator.ActiveCfg = Release|Any CPU
		{67F9D3A8-F71E-4428-913F-C37AE82CDB24}.AppStore|iPhoneSimulator.Build.0 = Release|Any CPU
		{67F9D3A8-F71E-4428-913F-C37AE82CDB24}.AppStore|x64.ActiveCfg = Release|Any CPU
		{67F9D3A8-F71E-4428-913F-C37AE82CDB24}.AppStore|x64.Build.0 = Release|Any CPU
		{67F9D3A8-F71E-4428-913F-C37AE82CDB24}.AppStore|x86.ActiveCfg = Release|Any CPU
		{67F9D3A8-F71E-4428-913F-C37AE82CDB24}.AppStore|x86.Build.0 = Release|Any CPU
		{67F9D3A8-F71E-4428-913F-C37AE82CDB24}.Debug|Any CPU.ActiveCfg = Debug|Any CPU
		{67F9D3A8-F71E-4428-913F-C37AE82CDB24}.Debug|Any CPU.Build.0 = Debug|Any CPU
		{67F9D3A8-F71E-4428-913F-C37AE82CDB24}.Debug|ARM.ActiveCfg = Debug|Any CPU
		{67F9D3A8-F71E-4428-913F-C37AE82CDB24}.Debug|ARM.Build.0 = Debug|Any CPU
		{67F9D3A8-F71E-4428-913F-C37AE82CDB24}.Debug|iPhone.ActiveCfg = Debug|Any CPU
		{67F9D3A8-F71E-4428-913F-C37AE82CDB24}.Debug|iPhone.Build.0 = Debug|Any CPU
		{67F9D3A8-F71E-4428-913F-C37AE82CDB24}.Debug|iPhoneSimulator.ActiveCfg = Debug|Any CPU
		{67F9D3A8-F71E-4428-913F-C37AE82CDB24}.Debug|iPhoneSimulator.Build.0 = Debug|Any CPU
		{67F9D3A8-F71E-4428-913F-C37AE82CDB24}.Debug|x64.ActiveCfg = Debug|Any CPU
		{67F9D3A8-F71E-4428-913F-C37AE82CDB24}.Debug|x64.Build.0 = Debug|Any CPU
		{67F9D3A8-F71E-4428-913F-C37AE82CDB24}.Debug|x86.ActiveCfg = Debug|Any CPU
		{67F9D3A8-F71E-4428-913F-C37AE82CDB24}.Debug|x86.Build.0 = Debug|Any CPU
		{67F9D3A8-F71E-4428-913F-C37AE82CDB24}.Release|Any CPU.ActiveCfg = Release|Any CPU
		{67F9D3A8-F71E-4428-913F-C37AE82CDB24}.Release|Any CPU.Build.0 = Release|Any CPU
		{67F9D3A8-F71E-4428-913F-C37AE82CDB24}.Release|ARM.ActiveCfg = Release|Any CPU
		{67F9D3A8-F71E-4428-913F-C37AE82CDB24}.Release|ARM.Build.0 = Release|Any CPU
		{67F9D3A8-F71E-4428-913F-C37AE82CDB24}.Release|iPhone.ActiveCfg = Release|Any CPU
		{67F9D3A8-F71E-4428-913F-C37AE82CDB24}.Release|iPhone.Build.0 = Release|Any CPU
		{67F9D3A8-F71E-4428-913F-C37AE82CDB24}.Release|iPhoneSimulator.ActiveCfg = Release|Any CPU
		{67F9D3A8-F71E-4428-913F-C37AE82CDB24}.Release|iPhoneSimulator.Build.0 = Release|Any CPU
		{67F9D3A8-F71E-4428-913F-C37AE82CDB24}.Release|x64.ActiveCfg = Release|Any CPU
		{67F9D3A8-F71E-4428-913F-C37AE82CDB24}.Release|x64.Build.0 = Release|Any CPU
		{67F9D3A8-F71E-4428-913F-C37AE82CDB24}.Release|x86.ActiveCfg = Release|Any CPU
		{67F9D3A8-F71E-4428-913F-C37AE82CDB24}.Release|x86.Build.0 = Release|Any CPU
		{69667491-C848-4FF0-8033-2F437072D343}.Ad-Hoc|Any CPU.ActiveCfg = Release|Any CPU
		{69667491-C848-4FF0-8033-2F437072D343}.Ad-Hoc|Any CPU.Build.0 = Release|Any CPU
		{69667491-C848-4FF0-8033-2F437072D343}.Ad-Hoc|ARM.ActiveCfg = Release|Any CPU
		{69667491-C848-4FF0-8033-2F437072D343}.Ad-Hoc|ARM.Build.0 = Release|Any CPU
		{69667491-C848-4FF0-8033-2F437072D343}.Ad-Hoc|iPhone.ActiveCfg = Release|Any CPU
		{69667491-C848-4FF0-8033-2F437072D343}.Ad-Hoc|iPhone.Build.0 = Release|Any CPU
		{69667491-C848-4FF0-8033-2F437072D343}.Ad-Hoc|iPhoneSimulator.ActiveCfg = Release|Any CPU
		{69667491-C848-4FF0-8033-2F437072D343}.Ad-Hoc|iPhoneSimulator.Build.0 = Release|Any CPU
		{69667491-C848-4FF0-8033-2F437072D343}.Ad-Hoc|x64.ActiveCfg = Release|Any CPU
		{69667491-C848-4FF0-8033-2F437072D343}.Ad-Hoc|x64.Build.0 = Release|Any CPU
		{69667491-C848-4FF0-8033-2F437072D343}.Ad-Hoc|x86.ActiveCfg = Release|Any CPU
		{69667491-C848-4FF0-8033-2F437072D343}.Ad-Hoc|x86.Build.0 = Release|Any CPU
		{69667491-C848-4FF0-8033-2F437072D343}.AppStore|Any CPU.ActiveCfg = Release|Any CPU
		{69667491-C848-4FF0-8033-2F437072D343}.AppStore|Any CPU.Build.0 = Release|Any CPU
		{69667491-C848-4FF0-8033-2F437072D343}.AppStore|ARM.ActiveCfg = Release|Any CPU
		{69667491-C848-4FF0-8033-2F437072D343}.AppStore|ARM.Build.0 = Release|Any CPU
		{69667491-C848-4FF0-8033-2F437072D343}.AppStore|iPhone.ActiveCfg = Release|Any CPU
		{69667491-C848-4FF0-8033-2F437072D343}.AppStore|iPhone.Build.0 = Release|Any CPU
		{69667491-C848-4FF0-8033-2F437072D343}.AppStore|iPhoneSimulator.ActiveCfg = Release|Any CPU
		{69667491-C848-4FF0-8033-2F437072D343}.AppStore|iPhoneSimulator.Build.0 = Release|Any CPU
		{69667491-C848-4FF0-8033-2F437072D343}.AppStore|x64.ActiveCfg = Release|Any CPU
		{69667491-C848-4FF0-8033-2F437072D343}.AppStore|x64.Build.0 = Release|Any CPU
		{69667491-C848-4FF0-8033-2F437072D343}.AppStore|x86.ActiveCfg = Release|Any CPU
		{69667491-C848-4FF0-8033-2F437072D343}.AppStore|x86.Build.0 = Release|Any CPU
		{69667491-C848-4FF0-8033-2F437072D343}.Debug|Any CPU.ActiveCfg = Debug|Any CPU
		{69667491-C848-4FF0-8033-2F437072D343}.Debug|Any CPU.Build.0 = Debug|Any CPU
		{69667491-C848-4FF0-8033-2F437072D343}.Debug|ARM.ActiveCfg = Debug|Any CPU
		{69667491-C848-4FF0-8033-2F437072D343}.Debug|ARM.Build.0 = Debug|Any CPU
		{69667491-C848-4FF0-8033-2F437072D343}.Debug|iPhone.ActiveCfg = Debug|Any CPU
		{69667491-C848-4FF0-8033-2F437072D343}.Debug|iPhone.Build.0 = Debug|Any CPU
		{69667491-C848-4FF0-8033-2F437072D343}.Debug|iPhoneSimulator.ActiveCfg = Debug|Any CPU
		{69667491-C848-4FF0-8033-2F437072D343}.Debug|iPhoneSimulator.Build.0 = Debug|Any CPU
		{69667491-C848-4FF0-8033-2F437072D343}.Debug|x64.ActiveCfg = Debug|Any CPU
		{69667491-C848-4FF0-8033-2F437072D343}.Debug|x64.Build.0 = Debug|Any CPU
		{69667491-C848-4FF0-8033-2F437072D343}.Debug|x86.ActiveCfg = Debug|Any CPU
		{69667491-C848-4FF0-8033-2F437072D343}.Debug|x86.Build.0 = Debug|Any CPU
		{69667491-C848-4FF0-8033-2F437072D343}.Release|Any CPU.ActiveCfg = Release|Any CPU
		{69667491-C848-4FF0-8033-2F437072D343}.Release|Any CPU.Build.0 = Release|Any CPU
		{69667491-C848-4FF0-8033-2F437072D343}.Release|ARM.ActiveCfg = Release|Any CPU
		{69667491-C848-4FF0-8033-2F437072D343}.Release|ARM.Build.0 = Release|Any CPU
		{69667491-C848-4FF0-8033-2F437072D343}.Release|iPhone.ActiveCfg = Release|Any CPU
		{69667491-C848-4FF0-8033-2F437072D343}.Release|iPhone.Build.0 = Release|Any CPU
		{69667491-C848-4FF0-8033-2F437072D343}.Release|iPhoneSimulator.ActiveCfg = Release|Any CPU
		{69667491-C848-4FF0-8033-2F437072D343}.Release|iPhoneSimulator.Build.0 = Release|Any CPU
		{69667491-C848-4FF0-8033-2F437072D343}.Release|x64.ActiveCfg = Release|Any CPU
		{69667491-C848-4FF0-8033-2F437072D343}.Release|x64.Build.0 = Release|Any CPU
		{69667491-C848-4FF0-8033-2F437072D343}.Release|x86.ActiveCfg = Release|Any CPU
		{69667491-C848-4FF0-8033-2F437072D343}.Release|x86.Build.0 = Release|Any CPU
		{13203E0D-6B6E-43BE-8E66-0A021C033F06}.Ad-Hoc|Any CPU.ActiveCfg = Release|Any CPU
		{13203E0D-6B6E-43BE-8E66-0A021C033F06}.Ad-Hoc|Any CPU.Build.0 = Release|Any CPU
		{13203E0D-6B6E-43BE-8E66-0A021C033F06}.Ad-Hoc|ARM.ActiveCfg = Release|Any CPU
		{13203E0D-6B6E-43BE-8E66-0A021C033F06}.Ad-Hoc|ARM.Build.0 = Release|Any CPU
		{13203E0D-6B6E-43BE-8E66-0A021C033F06}.Ad-Hoc|iPhone.ActiveCfg = Release|Any CPU
		{13203E0D-6B6E-43BE-8E66-0A021C033F06}.Ad-Hoc|iPhone.Build.0 = Release|Any CPU
		{13203E0D-6B6E-43BE-8E66-0A021C033F06}.Ad-Hoc|iPhoneSimulator.ActiveCfg = Release|Any CPU
		{13203E0D-6B6E-43BE-8E66-0A021C033F06}.Ad-Hoc|iPhoneSimulator.Build.0 = Release|Any CPU
		{13203E0D-6B6E-43BE-8E66-0A021C033F06}.Ad-Hoc|x64.ActiveCfg = Release|Any CPU
		{13203E0D-6B6E-43BE-8E66-0A021C033F06}.Ad-Hoc|x64.Build.0 = Release|Any CPU
		{13203E0D-6B6E-43BE-8E66-0A021C033F06}.Ad-Hoc|x86.ActiveCfg = Release|Any CPU
		{13203E0D-6B6E-43BE-8E66-0A021C033F06}.Ad-Hoc|x86.Build.0 = Release|Any CPU
		{13203E0D-6B6E-43BE-8E66-0A021C033F06}.AppStore|Any CPU.ActiveCfg = Release|Any CPU
		{13203E0D-6B6E-43BE-8E66-0A021C033F06}.AppStore|Any CPU.Build.0 = Release|Any CPU
		{13203E0D-6B6E-43BE-8E66-0A021C033F06}.AppStore|ARM.ActiveCfg = Release|Any CPU
		{13203E0D-6B6E-43BE-8E66-0A021C033F06}.AppStore|ARM.Build.0 = Release|Any CPU
		{13203E0D-6B6E-43BE-8E66-0A021C033F06}.AppStore|iPhone.ActiveCfg = Release|Any CPU
		{13203E0D-6B6E-43BE-8E66-0A021C033F06}.AppStore|iPhone.Build.0 = Release|Any CPU
		{13203E0D-6B6E-43BE-8E66-0A021C033F06}.AppStore|iPhoneSimulator.ActiveCfg = Release|Any CPU
		{13203E0D-6B6E-43BE-8E66-0A021C033F06}.AppStore|iPhoneSimulator.Build.0 = Release|Any CPU
		{13203E0D-6B6E-43BE-8E66-0A021C033F06}.AppStore|x64.ActiveCfg = Release|Any CPU
		{13203E0D-6B6E-43BE-8E66-0A021C033F06}.AppStore|x64.Build.0 = Release|Any CPU
		{13203E0D-6B6E-43BE-8E66-0A021C033F06}.AppStore|x86.ActiveCfg = Release|Any CPU
		{13203E0D-6B6E-43BE-8E66-0A021C033F06}.AppStore|x86.Build.0 = Release|Any CPU
		{13203E0D-6B6E-43BE-8E66-0A021C033F06}.Debug|Any CPU.ActiveCfg = Debug|Any CPU
		{13203E0D-6B6E-43BE-8E66-0A021C033F06}.Debug|Any CPU.Build.0 = Debug|Any CPU
		{13203E0D-6B6E-43BE-8E66-0A021C033F06}.Debug|ARM.ActiveCfg = Debug|Any CPU
		{13203E0D-6B6E-43BE-8E66-0A021C033F06}.Debug|ARM.Build.0 = Debug|Any CPU
		{13203E0D-6B6E-43BE-8E66-0A021C033F06}.Debug|iPhone.ActiveCfg = Debug|Any CPU
		{13203E0D-6B6E-43BE-8E66-0A021C033F06}.Debug|iPhone.Build.0 = Debug|Any CPU
		{13203E0D-6B6E-43BE-8E66-0A021C033F06}.Debug|iPhoneSimulator.ActiveCfg = Debug|Any CPU
		{13203E0D-6B6E-43BE-8E66-0A021C033F06}.Debug|iPhoneSimulator.Build.0 = Debug|Any CPU
		{13203E0D-6B6E-43BE-8E66-0A021C033F06}.Debug|x64.ActiveCfg = Debug|Any CPU
		{13203E0D-6B6E-43BE-8E66-0A021C033F06}.Debug|x64.Build.0 = Debug|Any CPU
		{13203E0D-6B6E-43BE-8E66-0A021C033F06}.Debug|x86.ActiveCfg = Debug|Any CPU
		{13203E0D-6B6E-43BE-8E66-0A021C033F06}.Debug|x86.Build.0 = Debug|Any CPU
		{13203E0D-6B6E-43BE-8E66-0A021C033F06}.Release|Any CPU.ActiveCfg = Release|Any CPU
		{13203E0D-6B6E-43BE-8E66-0A021C033F06}.Release|Any CPU.Build.0 = Release|Any CPU
		{13203E0D-6B6E-43BE-8E66-0A021C033F06}.Release|ARM.ActiveCfg = Release|Any CPU
		{13203E0D-6B6E-43BE-8E66-0A021C033F06}.Release|ARM.Build.0 = Release|Any CPU
		{13203E0D-6B6E-43BE-8E66-0A021C033F06}.Release|iPhone.ActiveCfg = Release|Any CPU
		{13203E0D-6B6E-43BE-8E66-0A021C033F06}.Release|iPhone.Build.0 = Release|Any CPU
		{13203E0D-6B6E-43BE-8E66-0A021C033F06}.Release|iPhoneSimulator.ActiveCfg = Release|Any CPU
		{13203E0D-6B6E-43BE-8E66-0A021C033F06}.Release|iPhoneSimulator.Build.0 = Release|Any CPU
		{13203E0D-6B6E-43BE-8E66-0A021C033F06}.Release|x64.ActiveCfg = Release|Any CPU
		{13203E0D-6B6E-43BE-8E66-0A021C033F06}.Release|x64.Build.0 = Release|Any CPU
		{13203E0D-6B6E-43BE-8E66-0A021C033F06}.Release|x86.ActiveCfg = Release|Any CPU
		{13203E0D-6B6E-43BE-8E66-0A021C033F06}.Release|x86.Build.0 = Release|Any CPU
		{CFDB665C-F22A-49C6-9666-44364E3652F0}.Ad-Hoc|Any CPU.ActiveCfg = Release|Any CPU
		{CFDB665C-F22A-49C6-9666-44364E3652F0}.Ad-Hoc|Any CPU.Build.0 = Release|Any CPU
		{CFDB665C-F22A-49C6-9666-44364E3652F0}.Ad-Hoc|ARM.ActiveCfg = Release|Any CPU
		{CFDB665C-F22A-49C6-9666-44364E3652F0}.Ad-Hoc|ARM.Build.0 = Release|Any CPU
		{CFDB665C-F22A-49C6-9666-44364E3652F0}.Ad-Hoc|iPhone.ActiveCfg = Release|Any CPU
		{CFDB665C-F22A-49C6-9666-44364E3652F0}.Ad-Hoc|iPhone.Build.0 = Release|Any CPU
		{CFDB665C-F22A-49C6-9666-44364E3652F0}.Ad-Hoc|iPhoneSimulator.ActiveCfg = Release|Any CPU
		{CFDB665C-F22A-49C6-9666-44364E3652F0}.Ad-Hoc|iPhoneSimulator.Build.0 = Release|Any CPU
		{CFDB665C-F22A-49C6-9666-44364E3652F0}.Ad-Hoc|x64.ActiveCfg = Release|Any CPU
		{CFDB665C-F22A-49C6-9666-44364E3652F0}.Ad-Hoc|x64.Build.0 = Release|Any CPU
		{CFDB665C-F22A-49C6-9666-44364E3652F0}.Ad-Hoc|x86.ActiveCfg = Release|Any CPU
		{CFDB665C-F22A-49C6-9666-44364E3652F0}.Ad-Hoc|x86.Build.0 = Release|Any CPU
		{CFDB665C-F22A-49C6-9666-44364E3652F0}.AppStore|Any CPU.ActiveCfg = Release|Any CPU
		{CFDB665C-F22A-49C6-9666-44364E3652F0}.AppStore|Any CPU.Build.0 = Release|Any CPU
		{CFDB665C-F22A-49C6-9666-44364E3652F0}.AppStore|ARM.ActiveCfg = Release|Any CPU
		{CFDB665C-F22A-49C6-9666-44364E3652F0}.AppStore|ARM.Build.0 = Release|Any CPU
		{CFDB665C-F22A-49C6-9666-44364E3652F0}.AppStore|iPhone.ActiveCfg = Release|Any CPU
		{CFDB665C-F22A-49C6-9666-44364E3652F0}.AppStore|iPhone.Build.0 = Release|Any CPU
		{CFDB665C-F22A-49C6-9666-44364E3652F0}.AppStore|iPhoneSimulator.ActiveCfg = Release|Any CPU
		{CFDB665C-F22A-49C6-9666-44364E3652F0}.AppStore|iPhoneSimulator.Build.0 = Release|Any CPU
		{CFDB665C-F22A-49C6-9666-44364E3652F0}.AppStore|x64.ActiveCfg = Release|Any CPU
		{CFDB665C-F22A-49C6-9666-44364E3652F0}.AppStore|x64.Build.0 = Release|Any CPU
		{CFDB665C-F22A-49C6-9666-44364E3652F0}.AppStore|x86.ActiveCfg = Release|Any CPU
		{CFDB665C-F22A-49C6-9666-44364E3652F0}.AppStore|x86.Build.0 = Release|Any CPU
		{CFDB665C-F22A-49C6-9666-44364E3652F0}.Debug|Any CPU.ActiveCfg = Debug|Any CPU
		{CFDB665C-F22A-49C6-9666-44364E3652F0}.Debug|Any CPU.Build.0 = Debug|Any CPU
		{CFDB665C-F22A-49C6-9666-44364E3652F0}.Debug|ARM.ActiveCfg = Debug|Any CPU
		{CFDB665C-F22A-49C6-9666-44364E3652F0}.Debug|ARM.Build.0 = Debug|Any CPU
		{CFDB665C-F22A-49C6-9666-44364E3652F0}.Debug|iPhone.ActiveCfg = Debug|Any CPU
		{CFDB665C-F22A-49C6-9666-44364E3652F0}.Debug|iPhone.Build.0 = Debug|Any CPU
		{CFDB665C-F22A-49C6-9666-44364E3652F0}.Debug|iPhoneSimulator.ActiveCfg = Debug|Any CPU
		{CFDB665C-F22A-49C6-9666-44364E3652F0}.Debug|iPhoneSimulator.Build.0 = Debug|Any CPU
		{CFDB665C-F22A-49C6-9666-44364E3652F0}.Debug|x64.ActiveCfg = Debug|Any CPU
		{CFDB665C-F22A-49C6-9666-44364E3652F0}.Debug|x64.Build.0 = Debug|Any CPU
		{CFDB665C-F22A-49C6-9666-44364E3652F0}.Debug|x86.ActiveCfg = Debug|Any CPU
		{CFDB665C-F22A-49C6-9666-44364E3652F0}.Debug|x86.Build.0 = Debug|Any CPU
		{CFDB665C-F22A-49C6-9666-44364E3652F0}.Release|Any CPU.ActiveCfg = Release|Any CPU
		{CFDB665C-F22A-49C6-9666-44364E3652F0}.Release|Any CPU.Build.0 = Release|Any CPU
		{CFDB665C-F22A-49C6-9666-44364E3652F0}.Release|ARM.ActiveCfg = Release|Any CPU
		{CFDB665C-F22A-49C6-9666-44364E3652F0}.Release|ARM.Build.0 = Release|Any CPU
		{CFDB665C-F22A-49C6-9666-44364E3652F0}.Release|iPhone.ActiveCfg = Release|Any CPU
		{CFDB665C-F22A-49C6-9666-44364E3652F0}.Release|iPhone.Build.0 = Release|Any CPU
		{CFDB665C-F22A-49C6-9666-44364E3652F0}.Release|iPhoneSimulator.ActiveCfg = Release|Any CPU
		{CFDB665C-F22A-49C6-9666-44364E3652F0}.Release|iPhoneSimulator.Build.0 = Release|Any CPU
		{CFDB665C-F22A-49C6-9666-44364E3652F0}.Release|x64.ActiveCfg = Release|Any CPU
		{CFDB665C-F22A-49C6-9666-44364E3652F0}.Release|x64.Build.0 = Release|Any CPU
		{CFDB665C-F22A-49C6-9666-44364E3652F0}.Release|x86.ActiveCfg = Release|Any CPU
		{CFDB665C-F22A-49C6-9666-44364E3652F0}.Release|x86.Build.0 = Release|Any CPU
	EndGlobalSection
	GlobalSection(SolutionProperties) = preSolution
		HideSolutionNode = FALSE
	EndGlobalSection
	GlobalSection(NestedProjects) = preSolution
		{69667491-C848-4FF0-8033-2F437072D343} = {DF9D376E-ABA7-4AF2-BC8F-4764ED50A45B}
		{13203E0D-6B6E-43BE-8E66-0A021C033F06} = {DF9D376E-ABA7-4AF2-BC8F-4764ED50A45B}
		{CFDB665C-F22A-49C6-9666-44364E3652F0} = {DF9D376E-ABA7-4AF2-BC8F-4764ED50A45B}
	EndGlobalSection
EndGlobal
